// !$*UTF8*$!
{
	archiveVersion = 1;
	classes = {
	};
	objectVersion = 46;
	objects = {

/* Begin PBXAggregateTarget section */
		364CD47C164AB8EB0008E044 /* Mogenerator */ = {
			isa = PBXAggregateTarget;
			buildConfigurationList = 364CD47D164AB8EB0008E044 /* Build configuration list for PBXAggregateTarget "Mogenerator" */;
			buildPhases = (
				364CD480164AB8F40008E044 /* ShellScript */,
			);
			dependencies = (
			);
			name = Mogenerator;
			productName = Mogenerator;
		};
/* End PBXAggregateTarget section */

/* Begin PBXBuildFile section */
		362A7EDD159A15D3007478D7 /* MDProc.m in Sources */ = {isa = PBXBuildFile; fileRef = 362A7EDC159A15D3007478D7 /* MDProc.m */; };
		362A7EEC159A17B3007478D7 /* MDProcedureTrigGenerator.m in Sources */ = {isa = PBXBuildFile; fileRef = 362A7EEB159A17B3007478D7 /* MDProcedureTrigGenerator.m */; };
		362A7EF0159A18A8007478D7 /* MDProcedureCondition.m in Sources */ = {isa = PBXBuildFile; fileRef = 362A7EEF159A18A8007478D7 /* MDProcedureCondition.m */; };
		362A7F06159A7B89007478D7 /* MDProcedureArpeggiator.m in Sources */ = {isa = PBXBuildFile; fileRef = 362A7F05159A7B89007478D7 /* MDProcedureArpeggiator.m */; };
		362A7F0E159A939A007478D7 /* MDProcedureScaleFilter.m in Sources */ = {isa = PBXBuildFile; fileRef = 362A7F0D159A939A007478D7 /* MDProcedureScaleFilter.m */; };
		362C5E7F159BD95B000D53CB /* MDPatternTrack.m in Sources */ = {isa = PBXBuildFile; fileRef = 36B92123158F82CC0025F0B3 /* MDPatternTrack.m */; };
		362C5E80159BD95B000D53CB /* MDSysexUtil.m in Sources */ = {isa = PBXBuildFile; fileRef = 36B92127158F82CC0025F0B3 /* MDSysexUtil.m */; };
		362FE68715EF9E5B00DAFBB2 /* MDMachinedrumGlobalSettings.m in Sources */ = {isa = PBXBuildFile; fileRef = 362FE68615EF9E5B00DAFBB2 /* MDMachinedrumGlobalSettings.m */; };
		3631495016F7000500FAF523 /* WaveEditor.m in Sources */ = {isa = PBXBuildFile; fileRef = 3631494F16F7000500FAF523 /* WaveEditor.m */; };
		3631495116F7000500FAF523 /* WaveEditor.m in Sources */ = {isa = PBXBuildFile; fileRef = 3631494F16F7000500FAF523 /* WaveEditor.m */; };
		3631499916F722BE00FAF523 /* NPair.m in Sources */ = {isa = PBXBuildFile; fileRef = 3631499816F722BE00FAF523 /* NPair.m */; };
		3631499A16F722BE00FAF523 /* NPair.m in Sources */ = {isa = PBXBuildFile; fileRef = 3631499816F722BE00FAF523 /* NPair.m */; };
		3631A8591646C3E3008DB7E5 /* MDPatternTrack.m in Sources */ = {isa = PBXBuildFile; fileRef = 36B92123158F82CC0025F0B3 /* MDPatternTrack.m */; };
		3631A85A1646C3E3008DB7E5 /* MDSysexUtil.m in Sources */ = {isa = PBXBuildFile; fileRef = 36B92127158F82CC0025F0B3 /* MDSysexUtil.m */; };
		3631A85C1646C3E3008DB7E5 /* MDKit.m in Sources */ = {isa = PBXBuildFile; fileRef = 36B92107158F82CC0025F0B3 /* MDKit.m */; };
		3631A85D1646C3E3008DB7E5 /* MDKitLFOSettings.m in Sources */ = {isa = PBXBuildFile; fileRef = 36B92109158F82CC0025F0B3 /* MDKitLFOSettings.m */; };
		3631A85E1646C3E3008DB7E5 /* MDKitMachine.m in Sources */ = {isa = PBXBuildFile; fileRef = 36B9210B158F82CC0025F0B3 /* MDKitMachine.m */; };
		3631A85F1646C3E3008DB7E5 /* MDKitParser.m in Sources */ = {isa = PBXBuildFile; fileRef = 36B9210D158F82CC0025F0B3 /* MDKitParser.m */; };
		3631A8601646C3E3008DB7E5 /* MDKitReceiveTester.m in Sources */ = {isa = PBXBuildFile; fileRef = 36B9210F158F82CC0025F0B3 /* MDKitReceiveTester.m */; };
		3631A8611646C3E3008DB7E5 /* MDKitTrack.m in Sources */ = {isa = PBXBuildFile; fileRef = 36B92111158F82CC0025F0B3 /* MDKitTrack.m */; };
		3631A8621646C3E3008DB7E5 /* MDKitTrackParams.m in Sources */ = {isa = PBXBuildFile; fileRef = 36B92113158F82CC0025F0B3 /* MDKitTrackParams.m */; };
		3631A8631646C3E3008DB7E5 /* MDMachineDrum.m in Sources */ = {isa = PBXBuildFile; fileRef = 36B92115158F82CC0025F0B3 /* MDMachineDrum.m */; };
		3631A8641646C3E3008DB7E5 /* MDParameterLock.m in Sources */ = {isa = PBXBuildFile; fileRef = 36B92117158F82CC0025F0B3 /* MDParameterLock.m */; };
		3631A8651646C3E3008DB7E5 /* MDParameterLockRow.m in Sources */ = {isa = PBXBuildFile; fileRef = 36B92119158F82CC0025F0B3 /* MDParameterLockRow.m */; };
		3631A8671646C3E3008DB7E5 /* MDPatternParameterLocks.m in Sources */ = {isa = PBXBuildFile; fileRef = 36B9211D158F82CC0025F0B3 /* MDPatternParameterLocks.m */; };
		3631A8681646C3E3008DB7E5 /* MDPatternParser.m in Sources */ = {isa = PBXBuildFile; fileRef = 36B9211F158F82CC0025F0B3 /* MDPatternParser.m */; };
		3631A86A1646C3E3008DB7E5 /* MDSysexRouter.m in Sources */ = {isa = PBXBuildFile; fileRef = 36B4B0B6158F9263009CFC0A /* MDSysexRouter.m */; };
		3631A86C1646C3E3008DB7E5 /* MDPitch.m in Sources */ = {isa = PBXBuildFile; fileRef = 36814F031594CD8700220C88 /* MDPitch.m */; };
		3631A86D1646C3E3008DB7E5 /* MDProcessingPipeline.m in Sources */ = {isa = PBXBuildFile; fileRef = 36746CAA1597DACD007F09F2 /* MDProcessingPipeline.m */; };
		3631A86E1646C3E3008DB7E5 /* MDProc.m in Sources */ = {isa = PBXBuildFile; fileRef = 362A7EDC159A15D3007478D7 /* MDProc.m */; };
		3631A86F1646C3E3008DB7E5 /* MDProcedureTrigGenerator.m in Sources */ = {isa = PBXBuildFile; fileRef = 362A7EEB159A17B3007478D7 /* MDProcedureTrigGenerator.m */; };
		3631A8701646C3E3008DB7E5 /* MDProcedureCondition.m in Sources */ = {isa = PBXBuildFile; fileRef = 362A7EEF159A18A8007478D7 /* MDProcedureCondition.m */; };
		3631A8711646C3E3008DB7E5 /* MDProcedureArpeggiator.m in Sources */ = {isa = PBXBuildFile; fileRef = 362A7F05159A7B89007478D7 /* MDProcedureArpeggiator.m */; };
		3631A8721646C3E3008DB7E5 /* MDProcedureScaleFilter.m in Sources */ = {isa = PBXBuildFile; fileRef = 362A7F0D159A939A007478D7 /* MDProcedureScaleFilter.m */; };
		3631A8731646C3E3008DB7E5 /* MDPatternCopiPasta.m in Sources */ = {isa = PBXBuildFile; fileRef = 36BBC19E15C0617F0087886B /* MDPatternCopiPasta.m */; };
		3631A8741646C3E3008DB7E5 /* MDPatternNode.m in Sources */ = {isa = PBXBuildFile; fileRef = 36BBC1A015C0617F0087886B /* MDPatternNode.m */; };
		3631A8751646C3E3008DB7E5 /* MDPatternNodePosition.m in Sources */ = {isa = PBXBuildFile; fileRef = 36BBC1A215C0617F0087886B /* MDPatternNodePosition.m */; };
		3631A8761646C3E3008DB7E5 /* MDPatternRegion.m in Sources */ = {isa = PBXBuildFile; fileRef = 36BBC1A715C0617F0087886B /* MDPatternRegion.m */; };
		3631A8771646C3E3008DB7E5 /* MDUserParameterValue.m in Sources */ = {isa = PBXBuildFile; fileRef = 36FE349615CEB55100695E38 /* MDUserParameterValue.m */; };
		3631A8781646C3E3008DB7E5 /* MDUserParameterLimit.m in Sources */ = {isa = PBXBuildFile; fileRef = 36FE349915CEB57200695E38 /* MDUserParameterLimit.m */; };
		3631A8791646C3E3008DB7E5 /* MDPatternTrigGenerator.m in Sources */ = {isa = PBXBuildFile; fileRef = 364752F115D1AD63002DCA22 /* MDPatternTrigGenerator.m */; };
		3631A87A1646C3E3008DB7E5 /* MDMachinedrumGlobalSettings.m in Sources */ = {isa = PBXBuildFile; fileRef = 362FE68615EF9E5B00DAFBB2 /* MDMachinedrumGlobalSettings.m */; };
		3631A87B1646C3E3008DB7E5 /* MDMIDI.m in Sources */ = {isa = PBXBuildFile; fileRef = 3699DF8815F38DDF004C9D83 /* MDMIDI.m */; };
		3631A87C1646C3E3008DB7E5 /* MDSysexTransaction.m in Sources */ = {isa = PBXBuildFile; fileRef = 3699DF8A15F38DDF004C9D83 /* MDSysexTransaction.m */; };
		3631A87D1646C3E3008DB7E5 /* MDSysexTransactionController.m in Sources */ = {isa = PBXBuildFile; fileRef = 3699DF8C15F38DDF004C9D83 /* MDSysexTransactionController.m */; };
		3631A87E1646C3E3008DB7E5 /* PGMidi.m in Sources */ = {isa = PBXBuildFile; fileRef = 3699DF9215F38E76004C9D83 /* PGMidi.m */; };
		3631A87F1646C3E3008DB7E5 /* PGMidiFind.m in Sources */ = {isa = PBXBuildFile; fileRef = 3699DF9415F38E76004C9D83 /* PGMidiFind.m */; };
		3631A8801646C3E3008DB7E5 /* MidiInputParser.m in Sources */ = {isa = PBXBuildFile; fileRef = 3699DF9615F38E76004C9D83 /* MidiInputParser.m */; };
		3631A8811646C3E3008DB7E5 /* MDMachinedrumGlobalSettingsParser.m in Sources */ = {isa = PBXBuildFile; fileRef = 367C3B4915F3AF8400C81CBE /* MDMachinedrumGlobalSettingsParser.m */; };
		3631A8821646C3E3008DB7E5 /* MDSong.m in Sources */ = {isa = PBXBuildFile; fileRef = 364CD2BF15F5157200CA49A9 /* MDSong.m */; };
		3631A8831646C3E3008DB7E5 /* MDValueMap.m in Sources */ = {isa = PBXBuildFile; fileRef = 364CD2C315F515BF00CA49A9 /* MDValueMap.m */; };
		3631A8841646C3E3008DB7E5 /* MDValuePair.m in Sources */ = {isa = PBXBuildFile; fileRef = 364CD2C615F5169F00CA49A9 /* MDValuePair.m */; };
		3631A8851646C3E3008DB7E5 /* MDSDS.m in Sources */ = {isa = PBXBuildFile; fileRef = 365F419B1619EA5500E4231D /* MDSDS.m */; };
		3631A8871646C3E3008DB7E5 /* CoreData.framework in Frameworks */ = {isa = PBXBuildFile; fileRef = 36BAC67F164149E000F29993 /* CoreData.framework */; };
		3631A8881646C3E3008DB7E5 /* AudioToolbox.framework in Frameworks */ = {isa = PBXBuildFile; fileRef = 36A1919A1626405200DA8A38 /* AudioToolbox.framework */; };
		3631A8891646C3E3008DB7E5 /* CoreMIDI.framework in Frameworks */ = {isa = PBXBuildFile; fileRef = 36B920EB158F81760025F0B3 /* CoreMIDI.framework */; };
		3631A88A1646C3E3008DB7E5 /* Foundation.framework in Frameworks */ = {isa = PBXBuildFile; fileRef = 36B920DD158F81670025F0B3 /* Foundation.framework */; };
		3631A9361646CC59008DB7E5 /* MDStorageModel.xcdatamodeld in Sources */ = {isa = PBXBuildFile; fileRef = 3631A9341646CC59008DB7E5 /* MDStorageModel.xcdatamodeld */; };
		3631A9371646CC59008DB7E5 /* MDStorageModel.xcdatamodeld in Sources */ = {isa = PBXBuildFile; fileRef = 3631A9341646CC59008DB7E5 /* MDStorageModel.xcdatamodeld */; };
		364752F215D1AD63002DCA22 /* MDPatternTrigGenerator.m in Sources */ = {isa = PBXBuildFile; fileRef = 364752F115D1AD63002DCA22 /* MDPatternTrigGenerator.m */; };
		364CD2C015F5157200CA49A9 /* MDSong.m in Sources */ = {isa = PBXBuildFile; fileRef = 364CD2BF15F5157200CA49A9 /* MDSong.m */; };
		364CD2C415F515BF00CA49A9 /* MDValueMap.m in Sources */ = {isa = PBXBuildFile; fileRef = 364CD2C315F515BF00CA49A9 /* MDValueMap.m */; };
		364CD2C715F5169F00CA49A9 /* MDValuePair.m in Sources */ = {isa = PBXBuildFile; fileRef = 364CD2C615F5169F00CA49A9 /* MDValuePair.m */; };
		364CD48D164ABFAD0008E044 /* _MDStorageGlobal.m in Sources */ = {isa = PBXBuildFile; fileRef = 364CD48A164ABFAD0008E044 /* _MDStorageGlobal.m */; };
		364CD48E164ABFAD0008E044 /* _MDStorageGlobal.m in Sources */ = {isa = PBXBuildFile; fileRef = 364CD48A164ABFAD0008E044 /* _MDStorageGlobal.m */; };
		364CD48F164ABFAD0008E044 /* _MDStorageSnapshot.m in Sources */ = {isa = PBXBuildFile; fileRef = 364CD48C164ABFAD0008E044 /* _MDStorageSnapshot.m */; };
		364CD490164ABFAD0008E044 /* _MDStorageSnapshot.m in Sources */ = {isa = PBXBuildFile; fileRef = 364CD48C164ABFAD0008E044 /* _MDStorageSnapshot.m */; };
		364CD495164ABFC30008E044 /* MDStorageGlobal.m in Sources */ = {isa = PBXBuildFile; fileRef = 364CD492164ABFC30008E044 /* MDStorageGlobal.m */; };
		364CD496164ABFC30008E044 /* MDStorageGlobal.m in Sources */ = {isa = PBXBuildFile; fileRef = 364CD492164ABFC30008E044 /* MDStorageGlobal.m */; };
		364CD497164ABFC30008E044 /* MDStorageSnapshot.m in Sources */ = {isa = PBXBuildFile; fileRef = 364CD494164ABFC30008E044 /* MDStorageSnapshot.m */; };
		364CD498164ABFC30008E044 /* MDStorageSnapshot.m in Sources */ = {isa = PBXBuildFile; fileRef = 364CD494164ABFC30008E044 /* MDStorageSnapshot.m */; };
		364CD49B164AC4E80008E044 /* _MDStoragePattern.m in Sources */ = {isa = PBXBuildFile; fileRef = 364CD49A164AC4E80008E044 /* _MDStoragePattern.m */; };
		364CD49C164AC4E80008E044 /* _MDStoragePattern.m in Sources */ = {isa = PBXBuildFile; fileRef = 364CD49A164AC4E80008E044 /* _MDStoragePattern.m */; };
		364CD49F164AC4F90008E044 /* MDStoragePattern.m in Sources */ = {isa = PBXBuildFile; fileRef = 364CD49E164AC4F90008E044 /* MDStoragePattern.m */; };
		364CD4A0164AC4F90008E044 /* MDStoragePattern.m in Sources */ = {isa = PBXBuildFile; fileRef = 364CD49E164AC4F90008E044 /* MDStoragePattern.m */; };
		365F419C1619EA5500E4231D /* MDSDS.m in Sources */ = {isa = PBXBuildFile; fileRef = 365F419B1619EA5500E4231D /* MDSDS.m */; };
		36746CAB1597DACD007F09F2 /* MDProcessingPipeline.m in Sources */ = {isa = PBXBuildFile; fileRef = 36746CAA1597DACD007F09F2 /* MDProcessingPipeline.m */; };
		367C3B4A15F3AF8400C81CBE /* MDMachinedrumGlobalSettingsParser.m in Sources */ = {isa = PBXBuildFile; fileRef = 367C3B4915F3AF8400C81CBE /* MDMachinedrumGlobalSettingsParser.m */; };
		36814F041594CD8700220C88 /* MDPitch.m in Sources */ = {isa = PBXBuildFile; fileRef = 36814F031594CD8700220C88 /* MDPitch.m */; };
		3699DF8D15F38DDF004C9D83 /* MDMIDI.m in Sources */ = {isa = PBXBuildFile; fileRef = 3699DF8815F38DDF004C9D83 /* MDMIDI.m */; };
		3699DF8E15F38DDF004C9D83 /* MDSysexTransaction.m in Sources */ = {isa = PBXBuildFile; fileRef = 3699DF8A15F38DDF004C9D83 /* MDSysexTransaction.m */; };
		3699DF8F15F38DDF004C9D83 /* MDSysexTransactionController.m in Sources */ = {isa = PBXBuildFile; fileRef = 3699DF8C15F38DDF004C9D83 /* MDSysexTransactionController.m */; };
		3699DF9715F38E76004C9D83 /* PGMidi.m in Sources */ = {isa = PBXBuildFile; fileRef = 3699DF9215F38E76004C9D83 /* PGMidi.m */; };
		3699DF9815F38E76004C9D83 /* PGMidiFind.m in Sources */ = {isa = PBXBuildFile; fileRef = 3699DF9415F38E76004C9D83 /* PGMidiFind.m */; };
		3699DF9915F38E76004C9D83 /* MidiInputParser.m in Sources */ = {isa = PBXBuildFile; fileRef = 3699DF9615F38E76004C9D83 /* MidiInputParser.m */; };
		36A0260116F9AF9700EE3839 /* MyUtils.m in Sources */ = {isa = PBXBuildFile; fileRef = 36A0260016F9AF9700EE3839 /* MyUtils.m */; };
		36A0260216F9AF9700EE3839 /* MyUtils.m in Sources */ = {isa = PBXBuildFile; fileRef = 36A0260016F9AF9700EE3839 /* MyUtils.m */; };
		36A0260816F9C04F00EE3839 /* AudioUnit.framework in Frameworks */ = {isa = PBXBuildFile; fileRef = 36A0260716F9C04F00EE3839 /* AudioUnit.framework */; };
		36A0260A16F9C0B200EE3839 /* AudioUnit.framework in Frameworks */ = {isa = PBXBuildFile; fileRef = 36A0260916F9C0B200EE3839 /* AudioUnit.framework */; };
		36A0261316F9D13A00EE3839 /* BufferPlayer.m in Sources */ = {isa = PBXBuildFile; fileRef = 36A0261216F9D13A00EE3839 /* BufferPlayer.m */; };
		36A0261416F9D13A00EE3839 /* BufferPlayer.m in Sources */ = {isa = PBXBuildFile; fileRef = 36A0261216F9D13A00EE3839 /* BufferPlayer.m */; };
		36A1919B1626405200DA8A38 /* AudioToolbox.framework in Frameworks */ = {isa = PBXBuildFile; fileRef = 36A1919A1626405200DA8A38 /* AudioToolbox.framework */; };
		36AE3F57173EFC7E00D7EAF1 /* MDAudioRecorder.m in Sources */ = {isa = PBXBuildFile; fileRef = 36AE3F56173EFC7E00D7EAF1 /* MDAudioRecorder.m */; };
		36AE3F58173EFC7E00D7EAF1 /* MDAudioRecorder.m in Sources */ = {isa = PBXBuildFile; fileRef = 36AE3F56173EFC7E00D7EAF1 /* MDAudioRecorder.m */; };
		36B4B0B7158F9263009CFC0A /* MDSysexRouter.m in Sources */ = {isa = PBXBuildFile; fileRef = 36B4B0B6158F9263009CFC0A /* MDSysexRouter.m */; };
		36B61E1B170C402500C2EC42 /* A4Global.m in Sources */ = {isa = PBXBuildFile; fileRef = 36B61E10170C402500C2EC42 /* A4Global.m */; };
		36B61E1C170C402500C2EC42 /* A4Global.m in Sources */ = {isa = PBXBuildFile; fileRef = 36B61E10170C402500C2EC42 /* A4Global.m */; };
		36B61E1D170C402500C2EC42 /* A4Kit.m in Sources */ = {isa = PBXBuildFile; fileRef = 36B61E12170C402500C2EC42 /* A4Kit.m */; };
		36B61E1E170C402500C2EC42 /* A4Kit.m in Sources */ = {isa = PBXBuildFile; fileRef = 36B61E12170C402500C2EC42 /* A4Kit.m */; };
		36B61E1F170C402500C2EC42 /* A4Pattern.m in Sources */ = {isa = PBXBuildFile; fileRef = 36B61E14170C402500C2EC42 /* A4Pattern.m */; };
		36B61E20170C402500C2EC42 /* A4Pattern.m in Sources */ = {isa = PBXBuildFile; fileRef = 36B61E14170C402500C2EC42 /* A4Pattern.m */; };
		36B61E21170C402500C2EC42 /* A4Song.m in Sources */ = {isa = PBXBuildFile; fileRef = 36B61E16170C402500C2EC42 /* A4Song.m */; };
		36B61E22170C402500C2EC42 /* A4Song.m in Sources */ = {isa = PBXBuildFile; fileRef = 36B61E16170C402500C2EC42 /* A4Song.m */; };
		36B61E23170C402500C2EC42 /* A4Sound.m in Sources */ = {isa = PBXBuildFile; fileRef = 36B61E18170C402500C2EC42 /* A4Sound.m */; };
		36B61E24170C402500C2EC42 /* A4Sound.m in Sources */ = {isa = PBXBuildFile; fileRef = 36B61E18170C402500C2EC42 /* A4Sound.m */; };
		36B61E25170C402500C2EC42 /* A4SysexMessage.m in Sources */ = {isa = PBXBuildFile; fileRef = 36B61E1A170C402500C2EC42 /* A4SysexMessage.m */; };
		36B61E26170C402500C2EC42 /* A4SysexMessage.m in Sources */ = {isa = PBXBuildFile; fileRef = 36B61E1A170C402500C2EC42 /* A4SysexMessage.m */; };
		36B920DE158F81670025F0B3 /* Foundation.framework in Frameworks */ = {isa = PBXBuildFile; fileRef = 36B920DD158F81670025F0B3 /* Foundation.framework */; };
		36B920EC158F81760025F0B3 /* CoreMIDI.framework in Frameworks */ = {isa = PBXBuildFile; fileRef = 36B920EB158F81760025F0B3 /* CoreMIDI.framework */; };
		36B92128158F82CC0025F0B3 /* MDKit.m in Sources */ = {isa = PBXBuildFile; fileRef = 36B92107158F82CC0025F0B3 /* MDKit.m */; };
		36B92129158F82CC0025F0B3 /* MDKitLFOSettings.m in Sources */ = {isa = PBXBuildFile; fileRef = 36B92109158F82CC0025F0B3 /* MDKitLFOSettings.m */; };
		36B9212A158F82CC0025F0B3 /* MDKitMachine.m in Sources */ = {isa = PBXBuildFile; fileRef = 36B9210B158F82CC0025F0B3 /* MDKitMachine.m */; };
		36B9212B158F82CC0025F0B3 /* MDKitParser.m in Sources */ = {isa = PBXBuildFile; fileRef = 36B9210D158F82CC0025F0B3 /* MDKitParser.m */; };
		36B9212C158F82CC0025F0B3 /* MDKitReceiveTester.m in Sources */ = {isa = PBXBuildFile; fileRef = 36B9210F158F82CC0025F0B3 /* MDKitReceiveTester.m */; };
		36B9212D158F82CC0025F0B3 /* MDKitTrack.m in Sources */ = {isa = PBXBuildFile; fileRef = 36B92111158F82CC0025F0B3 /* MDKitTrack.m */; };
		36B9212E158F82CC0025F0B3 /* MDKitTrackParams.m in Sources */ = {isa = PBXBuildFile; fileRef = 36B92113158F82CC0025F0B3 /* MDKitTrackParams.m */; };
		36B9212F158F82CC0025F0B3 /* MDMachineDrum.m in Sources */ = {isa = PBXBuildFile; fileRef = 36B92115158F82CC0025F0B3 /* MDMachineDrum.m */; };
		36B92130158F82CC0025F0B3 /* MDParameterLock.m in Sources */ = {isa = PBXBuildFile; fileRef = 36B92117158F82CC0025F0B3 /* MDParameterLock.m */; };
		36B92131158F82CC0025F0B3 /* MDParameterLockRow.m in Sources */ = {isa = PBXBuildFile; fileRef = 36B92119158F82CC0025F0B3 /* MDParameterLockRow.m */; };
		36B92133158F82CC0025F0B3 /* MDPatternParameterLocks.m in Sources */ = {isa = PBXBuildFile; fileRef = 36B9211D158F82CC0025F0B3 /* MDPatternParameterLocks.m */; };
		36B92134158F82CC0025F0B3 /* MDPatternParser.m in Sources */ = {isa = PBXBuildFile; fileRef = 36B9211F158F82CC0025F0B3 /* MDPatternParser.m */; };
		36BAC680164149E000F29993 /* CoreData.framework in Frameworks */ = {isa = PBXBuildFile; fileRef = 36BAC67F164149E000F29993 /* CoreData.framework */; };
		36BBC1A815C0617F0087886B /* MDPatternCopiPasta.m in Sources */ = {isa = PBXBuildFile; fileRef = 36BBC19E15C0617F0087886B /* MDPatternCopiPasta.m */; };
		36BBC1A915C0617F0087886B /* MDPatternNode.m in Sources */ = {isa = PBXBuildFile; fileRef = 36BBC1A015C0617F0087886B /* MDPatternNode.m */; };
		36BBC1AA15C0617F0087886B /* MDPatternNodePosition.m in Sources */ = {isa = PBXBuildFile; fileRef = 36BBC1A215C0617F0087886B /* MDPatternNodePosition.m */; };
		36BBC1AD15C0617F0087886B /* MDPatternRegion.m in Sources */ = {isa = PBXBuildFile; fileRef = 36BBC1A715C0617F0087886B /* MDPatternRegion.m */; };
		36EC233E174145A50053E8AF /* AVFoundation.framework in Frameworks */ = {isa = PBXBuildFile; fileRef = 36EC233D174145A50053E8AF /* AVFoundation.framework */; };
		36EC2340174145B30053E8AF /* AVFoundation.framework in Frameworks */ = {isa = PBXBuildFile; fileRef = 36EC233F174145B30053E8AF /* AVFoundation.framework */; };
		36FAD2251649BB64008B4E8F /* MDStorage.m in Sources */ = {isa = PBXBuildFile; fileRef = 36FAD2241649BB64008B4E8F /* MDStorage.m */; };
		36FAD2261649BB64008B4E8F /* MDStorage.m in Sources */ = {isa = PBXBuildFile; fileRef = 36FAD2241649BB64008B4E8F /* MDStorage.m */; };
		36FE349715CEB55100695E38 /* MDUserParameterValue.m in Sources */ = {isa = PBXBuildFile; fileRef = 36FE349615CEB55100695E38 /* MDUserParameterValue.m */; };
		36FE349A15CEB57200695E38 /* MDUserParameterLimit.m in Sources */ = {isa = PBXBuildFile; fileRef = 36FE349915CEB57200695E38 /* MDUserParameterLimit.m */; };
/* End PBXBuildFile section */

/* Begin PBXContainerItemProxy section */
		364CD482164ABDB60008E044 /* PBXContainerItemProxy */ = {
			isa = PBXContainerItemProxy;
			containerPortal = 36B920D1158F81670025F0B3 /* Project object */;
			proxyType = 1;
			remoteGlobalIDString = 364CD47C164AB8EB0008E044;
			remoteInfo = Mogenerator;
		};
		364CD484164ABDBB0008E044 /* PBXContainerItemProxy */ = {
			isa = PBXContainerItemProxy;
			containerPortal = 36B920D1158F81670025F0B3 /* Project object */;
			proxyType = 1;
			remoteGlobalIDString = 364CD47C164AB8EB0008E044;
			remoteInfo = Mogenerator;
		};
/* End PBXContainerItemProxy section */

/* Begin PBXCopyFilesBuildPhase section */
		3631A88B1646C3E3008DB7E5 /* CopyFiles */ = {
			isa = PBXCopyFilesBuildPhase;
			buildActionMask = 2147483647;
			dstPath = "include/${PRODUCT_NAME}";
			dstSubfolderSpec = 16;
			files = (
			);
			runOnlyForDeploymentPostprocessing = 0;
		};
		36B920D8158F81670025F0B3 /* CopyFiles */ = {
			isa = PBXCopyFilesBuildPhase;
			buildActionMask = 2147483647;
			dstPath = "include/${PRODUCT_NAME}";
			dstSubfolderSpec = 16;
			files = (
			);
			runOnlyForDeploymentPostprocessing = 0;
		};
/* End PBXCopyFilesBuildPhase section */

/* Begin PBXFileReference section */
		362A7ED9159A155F007478D7 /* MDProcedures.h */ = {isa = PBXFileReference; fileEncoding = 4; lastKnownFileType = sourcecode.c.h; path = MDProcedures.h; sourceTree = "<group>"; };
		362A7EDB159A15D3007478D7 /* MDProc.h */ = {isa = PBXFileReference; fileEncoding = 4; lastKnownFileType = sourcecode.c.h; path = MDProc.h; sourceTree = "<group>"; };
		362A7EDC159A15D3007478D7 /* MDProc.m */ = {isa = PBXFileReference; fileEncoding = 4; lastKnownFileType = sourcecode.c.objc; path = MDProc.m; sourceTree = "<group>"; };
		362A7EEA159A17B3007478D7 /* MDProcedureTrigGenerator.h */ = {isa = PBXFileReference; fileEncoding = 4; lastKnownFileType = sourcecode.c.h; path = MDProcedureTrigGenerator.h; sourceTree = "<group>"; };
		362A7EEB159A17B3007478D7 /* MDProcedureTrigGenerator.m */ = {isa = PBXFileReference; fileEncoding = 4; lastKnownFileType = sourcecode.c.objc; path = MDProcedureTrigGenerator.m; sourceTree = "<group>"; };
		362A7EEE159A18A8007478D7 /* MDProcedureCondition.h */ = {isa = PBXFileReference; fileEncoding = 4; lastKnownFileType = sourcecode.c.h; path = MDProcedureCondition.h; sourceTree = "<group>"; };
		362A7EEF159A18A8007478D7 /* MDProcedureCondition.m */ = {isa = PBXFileReference; fileEncoding = 4; lastKnownFileType = sourcecode.c.objc; path = MDProcedureCondition.m; sourceTree = "<group>"; };
		362A7F04159A7B89007478D7 /* MDProcedureArpeggiator.h */ = {isa = PBXFileReference; fileEncoding = 4; lastKnownFileType = sourcecode.c.h; path = MDProcedureArpeggiator.h; sourceTree = "<group>"; };
		362A7F05159A7B89007478D7 /* MDProcedureArpeggiator.m */ = {isa = PBXFileReference; fileEncoding = 4; lastKnownFileType = sourcecode.c.objc; path = MDProcedureArpeggiator.m; sourceTree = "<group>"; };
		362A7F0C159A939A007478D7 /* MDProcedureScaleFilter.h */ = {isa = PBXFileReference; fileEncoding = 4; lastKnownFileType = sourcecode.c.h; path = MDProcedureScaleFilter.h; sourceTree = "<group>"; };
		362A7F0D159A939A007478D7 /* MDProcedureScaleFilter.m */ = {isa = PBXFileReference; fileEncoding = 4; lastKnownFileType = sourcecode.c.objc; path = MDProcedureScaleFilter.m; sourceTree = "<group>"; };
		362FE68515EF9E5B00DAFBB2 /* MDMachinedrumGlobalSettings.h */ = {isa = PBXFileReference; fileEncoding = 4; lastKnownFileType = sourcecode.c.h; path = MDMachinedrumGlobalSettings.h; sourceTree = "<group>"; };
		362FE68615EF9E5B00DAFBB2 /* MDMachinedrumGlobalSettings.m */ = {isa = PBXFileReference; fileEncoding = 4; lastKnownFileType = sourcecode.c.objc; path = MDMachinedrumGlobalSettings.m; sourceTree = "<group>"; };
		3631494E16F7000500FAF523 /* WaveEditor.h */ = {isa = PBXFileReference; fileEncoding = 4; lastKnownFileType = sourcecode.c.h; path = WaveEditor.h; sourceTree = "<group>"; };
		3631494F16F7000500FAF523 /* WaveEditor.m */ = {isa = PBXFileReference; fileEncoding = 4; lastKnownFileType = sourcecode.c.objc; path = WaveEditor.m; sourceTree = "<group>"; };
		3631499716F722BE00FAF523 /* NPair.h */ = {isa = PBXFileReference; fileEncoding = 4; lastKnownFileType = sourcecode.c.h; path = NPair.h; sourceTree = "<group>"; };
		3631499816F722BE00FAF523 /* NPair.m */ = {isa = PBXFileReference; fileEncoding = 4; lastKnownFileType = sourcecode.c.objc; path = NPair.m; sourceTree = "<group>"; };
		3631A8901646C3E4008DB7E5 /* libMachineDrumFramework-Mac.a */ = {isa = PBXFileReference; explicitFileType = archive.ar; includeInIndex = 0; path = "libMachineDrumFramework-Mac.a"; sourceTree = BUILT_PRODUCTS_DIR; };
		3631A9351646CC59008DB7E5 /* MDStorageModel.xcdatamodel */ = {isa = PBXFileReference; lastKnownFileType = wrapper.xcdatamodel; path = MDStorageModel.xcdatamodel; sourceTree = "<group>"; };
		364752F015D1AD63002DCA22 /* MDPatternTrigGenerator.h */ = {isa = PBXFileReference; fileEncoding = 4; lastKnownFileType = sourcecode.c.h; path = MDPatternTrigGenerator.h; sourceTree = "<group>"; };
		364752F115D1AD63002DCA22 /* MDPatternTrigGenerator.m */ = {isa = PBXFileReference; fileEncoding = 4; lastKnownFileType = sourcecode.c.objc; path = MDPatternTrigGenerator.m; sourceTree = "<group>"; };
		364CD2BE15F5157200CA49A9 /* MDSong.h */ = {isa = PBXFileReference; fileEncoding = 4; lastKnownFileType = sourcecode.c.h; path = MDSong.h; sourceTree = "<group>"; };
		364CD2BF15F5157200CA49A9 /* MDSong.m */ = {isa = PBXFileReference; fileEncoding = 4; lastKnownFileType = sourcecode.c.objc; path = MDSong.m; sourceTree = "<group>"; };
		364CD2C215F515BE00CA49A9 /* MDValueMap.h */ = {isa = PBXFileReference; fileEncoding = 4; lastKnownFileType = sourcecode.c.h; path = MDValueMap.h; sourceTree = "<group>"; };
		364CD2C315F515BF00CA49A9 /* MDValueMap.m */ = {isa = PBXFileReference; fileEncoding = 4; lastKnownFileType = sourcecode.c.objc; path = MDValueMap.m; sourceTree = "<group>"; };
		364CD2C515F5169F00CA49A9 /* MDValuePair.h */ = {isa = PBXFileReference; fileEncoding = 4; lastKnownFileType = sourcecode.c.h; path = MDValuePair.h; sourceTree = "<group>"; };
		364CD2C615F5169F00CA49A9 /* MDValuePair.m */ = {isa = PBXFileReference; fileEncoding = 4; lastKnownFileType = sourcecode.c.objc; path = MDValuePair.m; sourceTree = "<group>"; };
		364CD489164ABFAD0008E044 /* _MDStorageGlobal.h */ = {isa = PBXFileReference; fileEncoding = 4; lastKnownFileType = sourcecode.c.h; name = _MDStorageGlobal.h; path = MachineDrumFramework/_MDStorageGlobal.h; sourceTree = "<group>"; };
		364CD48A164ABFAD0008E044 /* _MDStorageGlobal.m */ = {isa = PBXFileReference; fileEncoding = 4; lastKnownFileType = sourcecode.c.objc; name = _MDStorageGlobal.m; path = MachineDrumFramework/_MDStorageGlobal.m; sourceTree = "<group>"; };
		364CD48B164ABFAD0008E044 /* _MDStorageSnapshot.h */ = {isa = PBXFileReference; fileEncoding = 4; lastKnownFileType = sourcecode.c.h; name = _MDStorageSnapshot.h; path = MachineDrumFramework/_MDStorageSnapshot.h; sourceTree = "<group>"; };
		364CD48C164ABFAD0008E044 /* _MDStorageSnapshot.m */ = {isa = PBXFileReference; fileEncoding = 4; lastKnownFileType = sourcecode.c.objc; name = _MDStorageSnapshot.m; path = MachineDrumFramework/_MDStorageSnapshot.m; sourceTree = "<group>"; };
		364CD491164ABFC30008E044 /* MDStorageGlobal.h */ = {isa = PBXFileReference; fileEncoding = 4; lastKnownFileType = sourcecode.c.h; name = MDStorageGlobal.h; path = MachineDrumFramework/MDStorageGlobal.h; sourceTree = "<group>"; };
		364CD492164ABFC30008E044 /* MDStorageGlobal.m */ = {isa = PBXFileReference; fileEncoding = 4; lastKnownFileType = sourcecode.c.objc; name = MDStorageGlobal.m; path = MachineDrumFramework/MDStorageGlobal.m; sourceTree = "<group>"; };
		364CD493164ABFC30008E044 /* MDStorageSnapshot.h */ = {isa = PBXFileReference; fileEncoding = 4; lastKnownFileType = sourcecode.c.h; name = MDStorageSnapshot.h; path = MachineDrumFramework/MDStorageSnapshot.h; sourceTree = "<group>"; };
		364CD494164ABFC30008E044 /* MDStorageSnapshot.m */ = {isa = PBXFileReference; fileEncoding = 4; lastKnownFileType = sourcecode.c.objc; name = MDStorageSnapshot.m; path = MachineDrumFramework/MDStorageSnapshot.m; sourceTree = "<group>"; };
		364CD499164AC4E80008E044 /* _MDStoragePattern.h */ = {isa = PBXFileReference; fileEncoding = 4; lastKnownFileType = sourcecode.c.h; name = _MDStoragePattern.h; path = MachineDrumFramework/_MDStoragePattern.h; sourceTree = "<group>"; };
		364CD49A164AC4E80008E044 /* _MDStoragePattern.m */ = {isa = PBXFileReference; fileEncoding = 4; lastKnownFileType = sourcecode.c.objc; name = _MDStoragePattern.m; path = MachineDrumFramework/_MDStoragePattern.m; sourceTree = "<group>"; };
		364CD49D164AC4F90008E044 /* MDStoragePattern.h */ = {isa = PBXFileReference; fileEncoding = 4; lastKnownFileType = sourcecode.c.h; name = MDStoragePattern.h; path = MachineDrumFramework/MDStoragePattern.h; sourceTree = "<group>"; };
		364CD49E164AC4F90008E044 /* MDStoragePattern.m */ = {isa = PBXFileReference; fileEncoding = 4; lastKnownFileType = sourcecode.c.objc; name = MDStoragePattern.m; path = MachineDrumFramework/MDStoragePattern.m; sourceTree = "<group>"; };
		365F419A1619EA5500E4231D /* MDSDS.h */ = {isa = PBXFileReference; fileEncoding = 4; lastKnownFileType = sourcecode.c.h; path = MDSDS.h; sourceTree = "<group>"; };
		365F419B1619EA5500E4231D /* MDSDS.m */ = {isa = PBXFileReference; fileEncoding = 4; lastKnownFileType = sourcecode.c.objc; path = MDSDS.m; sourceTree = "<group>"; };
		36746CA91597DACD007F09F2 /* MDProcessingPipeline.h */ = {isa = PBXFileReference; fileEncoding = 4; lastKnownFileType = sourcecode.c.h; path = MDProcessingPipeline.h; sourceTree = "<group>"; };
		36746CAA1597DACD007F09F2 /* MDProcessingPipeline.m */ = {isa = PBXFileReference; fileEncoding = 4; lastKnownFileType = sourcecode.c.objc; path = MDProcessingPipeline.m; sourceTree = "<group>"; };
		367C3B4815F3AF8400C81CBE /* MDMachinedrumGlobalSettingsParser.h */ = {isa = PBXFileReference; fileEncoding = 4; lastKnownFileType = sourcecode.c.h; path = MDMachinedrumGlobalSettingsParser.h; sourceTree = "<group>"; };
		367C3B4915F3AF8400C81CBE /* MDMachinedrumGlobalSettingsParser.m */ = {isa = PBXFileReference; fileEncoding = 4; lastKnownFileType = sourcecode.c.objc; path = MDMachinedrumGlobalSettingsParser.m; sourceTree = "<group>"; };
		36814F011594CD8700220C88 /* MDConstants.h */ = {isa = PBXFileReference; fileEncoding = 4; lastKnownFileType = sourcecode.c.h; path = MDConstants.h; sourceTree = "<group>"; };
		36814F021594CD8700220C88 /* MDPitch.h */ = {isa = PBXFileReference; fileEncoding = 4; lastKnownFileType = sourcecode.c.h; path = MDPitch.h; sourceTree = "<group>"; };
		36814F031594CD8700220C88 /* MDPitch.m */ = {isa = PBXFileReference; fileEncoding = 4; lastKnownFileType = sourcecode.c.objc; path = MDPitch.m; sourceTree = "<group>"; };
		3699DF8715F38DDF004C9D83 /* MDMIDI.h */ = {isa = PBXFileReference; fileEncoding = 4; lastKnownFileType = sourcecode.c.h; path = MDMIDI.h; sourceTree = "<group>"; };
		3699DF8815F38DDF004C9D83 /* MDMIDI.m */ = {isa = PBXFileReference; fileEncoding = 4; lastKnownFileType = sourcecode.c.objc; path = MDMIDI.m; sourceTree = "<group>"; };
		3699DF8915F38DDF004C9D83 /* MDSysexTransaction.h */ = {isa = PBXFileReference; fileEncoding = 4; lastKnownFileType = sourcecode.c.h; path = MDSysexTransaction.h; sourceTree = "<group>"; };
		3699DF8A15F38DDF004C9D83 /* MDSysexTransaction.m */ = {isa = PBXFileReference; fileEncoding = 4; lastKnownFileType = sourcecode.c.objc; path = MDSysexTransaction.m; sourceTree = "<group>"; };
		3699DF8B15F38DDF004C9D83 /* MDSysexTransactionController.h */ = {isa = PBXFileReference; fileEncoding = 4; lastKnownFileType = sourcecode.c.h; path = MDSysexTransactionController.h; sourceTree = "<group>"; };
		3699DF8C15F38DDF004C9D83 /* MDSysexTransactionController.m */ = {isa = PBXFileReference; fileEncoding = 4; lastKnownFileType = sourcecode.c.objc; path = MDSysexTransactionController.m; sourceTree = "<group>"; };
		3699DF9115F38E76004C9D83 /* PGMidi.h */ = {isa = PBXFileReference; fileEncoding = 4; lastKnownFileType = sourcecode.c.h; path = PGMidi.h; sourceTree = "<group>"; };
		3699DF9215F38E76004C9D83 /* PGMidi.m */ = {isa = PBXFileReference; fileEncoding = 4; lastKnownFileType = sourcecode.c.objc; path = PGMidi.m; sourceTree = "<group>"; };
		3699DF9315F38E76004C9D83 /* PGMidiFind.h */ = {isa = PBXFileReference; fileEncoding = 4; lastKnownFileType = sourcecode.c.h; path = PGMidiFind.h; sourceTree = "<group>"; };
		3699DF9415F38E76004C9D83 /* PGMidiFind.m */ = {isa = PBXFileReference; fileEncoding = 4; lastKnownFileType = sourcecode.c.objc; path = PGMidiFind.m; sourceTree = "<group>"; };
		3699DF9515F38E76004C9D83 /* MidiInputParser.h */ = {isa = PBXFileReference; fileEncoding = 4; lastKnownFileType = sourcecode.c.h; path = MidiInputParser.h; sourceTree = "<group>"; };
		3699DF9615F38E76004C9D83 /* MidiInputParser.m */ = {isa = PBXFileReference; fileEncoding = 4; lastKnownFileType = sourcecode.c.objc; path = MidiInputParser.m; sourceTree = "<group>"; };
		36A0260016F9AF9700EE3839 /* MyUtils.m */ = {isa = PBXFileReference; fileEncoding = 4; lastKnownFileType = sourcecode.c.objc; path = MyUtils.m; sourceTree = "<group>"; };
		36A0260716F9C04F00EE3839 /* AudioUnit.framework */ = {isa = PBXFileReference; lastKnownFileType = wrapper.framework; name = AudioUnit.framework; path = Platforms/MacOSX.platform/Developer/SDKs/MacOSX10.8.sdk/System/Library/Frameworks/AudioUnit.framework; sourceTree = DEVELOPER_DIR; };
		36A0260916F9C0B200EE3839 /* AudioUnit.framework */ = {isa = PBXFileReference; lastKnownFileType = wrapper.framework; name = AudioUnit.framework; path = Platforms/iPhoneOS.platform/Developer/SDKs/iPhoneOS6.1.sdk/System/Library/Frameworks/AudioUnit.framework; sourceTree = DEVELOPER_DIR; };
		36A0261116F9D13A00EE3839 /* BufferPlayer.h */ = {isa = PBXFileReference; fileEncoding = 4; lastKnownFileType = sourcecode.c.h; path = BufferPlayer.h; sourceTree = "<group>"; };
		36A0261216F9D13A00EE3839 /* BufferPlayer.m */ = {isa = PBXFileReference; fileEncoding = 4; lastKnownFileType = sourcecode.c.objc; path = BufferPlayer.m; sourceTree = "<group>"; };
		36A1919A1626405200DA8A38 /* AudioToolbox.framework */ = {isa = PBXFileReference; lastKnownFileType = wrapper.framework; name = AudioToolbox.framework; path = System/Library/Frameworks/AudioToolbox.framework; sourceTree = SDKROOT; };
		36AE3F55173EFC7E00D7EAF1 /* MDAudioRecorder.h */ = {isa = PBXFileReference; fileEncoding = 4; lastKnownFileType = sourcecode.c.h; path = MDAudioRecorder.h; sourceTree = "<group>"; };
		36AE3F56173EFC7E00D7EAF1 /* MDAudioRecorder.m */ = {isa = PBXFileReference; fileEncoding = 4; lastKnownFileType = sourcecode.c.objc; path = MDAudioRecorder.m; sourceTree = "<group>"; };
		36B4B06A158F8777009CFC0A /* MDMachinedrumPublic.h */ = {isa = PBXFileReference; fileEncoding = 4; lastKnownFileType = sourcecode.c.h; path = MDMachinedrumPublic.h; sourceTree = "<group>"; };
		36B4B0B5158F9263009CFC0A /* MDSysexRouter.h */ = {isa = PBXFileReference; fileEncoding = 4; lastKnownFileType = sourcecode.c.h; path = MDSysexRouter.h; sourceTree = "<group>"; };
		36B4B0B6158F9263009CFC0A /* MDSysexRouter.m */ = {isa = PBXFileReference; fileEncoding = 4; lastKnownFileType = sourcecode.c.objc; path = MDSysexRouter.m; sourceTree = "<group>"; };
		36B61E0F170C402500C2EC42 /* A4Global.h */ = {isa = PBXFileReference; fileEncoding = 4; lastKnownFileType = sourcecode.c.h; path = A4Global.h; sourceTree = "<group>"; };
		36B61E10170C402500C2EC42 /* A4Global.m */ = {isa = PBXFileReference; fileEncoding = 4; lastKnownFileType = sourcecode.c.objc; path = A4Global.m; sourceTree = "<group>"; };
		36B61E11170C402500C2EC42 /* A4Kit.h */ = {isa = PBXFileReference; fileEncoding = 4; lastKnownFileType = sourcecode.c.h; path = A4Kit.h; sourceTree = "<group>"; };
		36B61E12170C402500C2EC42 /* A4Kit.m */ = {isa = PBXFileReference; fileEncoding = 4; lastKnownFileType = sourcecode.c.objc; path = A4Kit.m; sourceTree = "<group>"; };
		36B61E13170C402500C2EC42 /* A4Pattern.h */ = {isa = PBXFileReference; fileEncoding = 4; lastKnownFileType = sourcecode.c.h; path = A4Pattern.h; sourceTree = "<group>"; };
		36B61E14170C402500C2EC42 /* A4Pattern.m */ = {isa = PBXFileReference; fileEncoding = 4; lastKnownFileType = sourcecode.c.objc; path = A4Pattern.m; sourceTree = "<group>"; };
		36B61E15170C402500C2EC42 /* A4Song.h */ = {isa = PBXFileReference; fileEncoding = 4; lastKnownFileType = sourcecode.c.h; path = A4Song.h; sourceTree = "<group>"; };
		36B61E16170C402500C2EC42 /* A4Song.m */ = {isa = PBXFileReference; fileEncoding = 4; lastKnownFileType = sourcecode.c.objc; path = A4Song.m; sourceTree = "<group>"; };
		36B61E17170C402500C2EC42 /* A4Sound.h */ = {isa = PBXFileReference; fileEncoding = 4; lastKnownFileType = sourcecode.c.h; path = A4Sound.h; sourceTree = "<group>"; };
		36B61E18170C402500C2EC42 /* A4Sound.m */ = {isa = PBXFileReference; fileEncoding = 4; lastKnownFileType = sourcecode.c.objc; path = A4Sound.m; sourceTree = "<group>"; };
		36B61E19170C402500C2EC42 /* A4SysexMessage.h */ = {isa = PBXFileReference; fileEncoding = 4; lastKnownFileType = sourcecode.c.h; path = A4SysexMessage.h; sourceTree = "<group>"; };
		36B61E1A170C402500C2EC42 /* A4SysexMessage.m */ = {isa = PBXFileReference; fileEncoding = 4; lastKnownFileType = sourcecode.c.objc; path = A4SysexMessage.m; sourceTree = "<group>"; };
		36B920DA158F81670025F0B3 /* libMachineDrumFramework-iOS.a */ = {isa = PBXFileReference; explicitFileType = archive.ar; includeInIndex = 0; path = "libMachineDrumFramework-iOS.a"; sourceTree = BUILT_PRODUCTS_DIR; };
		36B920DD158F81670025F0B3 /* Foundation.framework */ = {isa = PBXFileReference; lastKnownFileType = wrapper.framework; name = Foundation.framework; path = System/Library/Frameworks/Foundation.framework; sourceTree = SDKROOT; };
		36B920E1158F81670025F0B3 /* MachineDrumFramework-Prefix.pch */ = {isa = PBXFileReference; lastKnownFileType = sourcecode.c.h; path = "MachineDrumFramework-Prefix.pch"; sourceTree = "<group>"; };
		36B920EB158F81760025F0B3 /* CoreMIDI.framework */ = {isa = PBXFileReference; lastKnownFileType = wrapper.framework; name = CoreMIDI.framework; path = System/Library/Frameworks/CoreMIDI.framework; sourceTree = SDKROOT; };
		36B92106158F82CC0025F0B3 /* MDKit.h */ = {isa = PBXFileReference; fileEncoding = 4; lastKnownFileType = sourcecode.c.h; path = MDKit.h; sourceTree = "<group>"; };
		36B92107158F82CC0025F0B3 /* MDKit.m */ = {isa = PBXFileReference; fileEncoding = 4; lastKnownFileType = sourcecode.c.objc; path = MDKit.m; sourceTree = "<group>"; };
		36B92108158F82CC0025F0B3 /* MDKitLFOSettings.h */ = {isa = PBXFileReference; fileEncoding = 4; lastKnownFileType = sourcecode.c.h; path = MDKitLFOSettings.h; sourceTree = "<group>"; };
		36B92109158F82CC0025F0B3 /* MDKitLFOSettings.m */ = {isa = PBXFileReference; fileEncoding = 4; lastKnownFileType = sourcecode.c.objc; path = MDKitLFOSettings.m; sourceTree = "<group>"; };
		36B9210A158F82CC0025F0B3 /* MDKitMachine.h */ = {isa = PBXFileReference; fileEncoding = 4; lastKnownFileType = sourcecode.c.h; path = MDKitMachine.h; sourceTree = "<group>"; };
		36B9210B158F82CC0025F0B3 /* MDKitMachine.m */ = {isa = PBXFileReference; fileEncoding = 4; lastKnownFileType = sourcecode.c.objc; path = MDKitMachine.m; sourceTree = "<group>"; };
		36B9210C158F82CC0025F0B3 /* MDKitParser.h */ = {isa = PBXFileReference; fileEncoding = 4; lastKnownFileType = sourcecode.c.h; path = MDKitParser.h; sourceTree = "<group>"; };
		36B9210D158F82CC0025F0B3 /* MDKitParser.m */ = {isa = PBXFileReference; fileEncoding = 4; lastKnownFileType = sourcecode.c.objc; path = MDKitParser.m; sourceTree = "<group>"; };
		36B9210E158F82CC0025F0B3 /* MDKitReceiveTester.h */ = {isa = PBXFileReference; fileEncoding = 4; lastKnownFileType = sourcecode.c.h; path = MDKitReceiveTester.h; sourceTree = "<group>"; };
		36B9210F158F82CC0025F0B3 /* MDKitReceiveTester.m */ = {isa = PBXFileReference; fileEncoding = 4; lastKnownFileType = sourcecode.c.objc; path = MDKitReceiveTester.m; sourceTree = "<group>"; };
		36B92110158F82CC0025F0B3 /* MDKitTrack.h */ = {isa = PBXFileReference; fileEncoding = 4; lastKnownFileType = sourcecode.c.h; path = MDKitTrack.h; sourceTree = "<group>"; };
		36B92111158F82CC0025F0B3 /* MDKitTrack.m */ = {isa = PBXFileReference; fileEncoding = 4; lastKnownFileType = sourcecode.c.objc; path = MDKitTrack.m; sourceTree = "<group>"; };
		36B92112158F82CC0025F0B3 /* MDKitTrackParams.h */ = {isa = PBXFileReference; fileEncoding = 4; lastKnownFileType = sourcecode.c.h; path = MDKitTrackParams.h; sourceTree = "<group>"; };
		36B92113158F82CC0025F0B3 /* MDKitTrackParams.m */ = {isa = PBXFileReference; fileEncoding = 4; lastKnownFileType = sourcecode.c.objc; path = MDKitTrackParams.m; sourceTree = "<group>"; };
		36B92114158F82CC0025F0B3 /* MDMachineDrum.h */ = {isa = PBXFileReference; fileEncoding = 4; lastKnownFileType = sourcecode.c.h; path = MDMachineDrum.h; sourceTree = "<group>"; };
		36B92115158F82CC0025F0B3 /* MDMachineDrum.m */ = {isa = PBXFileReference; fileEncoding = 4; lastKnownFileType = sourcecode.c.objc; path = MDMachineDrum.m; sourceTree = "<group>"; };
		36B92116158F82CC0025F0B3 /* MDParameterLock.h */ = {isa = PBXFileReference; fileEncoding = 4; lastKnownFileType = sourcecode.c.h; path = MDParameterLock.h; sourceTree = "<group>"; };
		36B92117158F82CC0025F0B3 /* MDParameterLock.m */ = {isa = PBXFileReference; fileEncoding = 4; lastKnownFileType = sourcecode.c.objc; path = MDParameterLock.m; sourceTree = "<group>"; };
		36B92118158F82CC0025F0B3 /* MDParameterLockRow.h */ = {isa = PBXFileReference; fileEncoding = 4; lastKnownFileType = sourcecode.c.h; path = MDParameterLockRow.h; sourceTree = "<group>"; };
		36B92119158F82CC0025F0B3 /* MDParameterLockRow.m */ = {isa = PBXFileReference; fileEncoding = 4; lastKnownFileType = sourcecode.c.objc; path = MDParameterLockRow.m; sourceTree = "<group>"; };
		36B9211C158F82CC0025F0B3 /* MDPatternParameterLocks.h */ = {isa = PBXFileReference; fileEncoding = 4; lastKnownFileType = sourcecode.c.h; path = MDPatternParameterLocks.h; sourceTree = "<group>"; };
		36B9211D158F82CC0025F0B3 /* MDPatternParameterLocks.m */ = {isa = PBXFileReference; fileEncoding = 4; lastKnownFileType = sourcecode.c.objc; path = MDPatternParameterLocks.m; sourceTree = "<group>"; };
		36B9211E158F82CC0025F0B3 /* MDPatternParser.h */ = {isa = PBXFileReference; fileEncoding = 4; lastKnownFileType = sourcecode.c.h; path = MDPatternParser.h; sourceTree = "<group>"; };
		36B9211F158F82CC0025F0B3 /* MDPatternParser.m */ = {isa = PBXFileReference; fileEncoding = 4; lastKnownFileType = sourcecode.c.objc; path = MDPatternParser.m; sourceTree = "<group>"; };
		36B92122158F82CC0025F0B3 /* MDPatternTrack.h */ = {isa = PBXFileReference; lastKnownFileType = sourcecode.c.h; path = MDPatternTrack.h; sourceTree = "<group>"; };
		36B92123158F82CC0025F0B3 /* MDPatternTrack.m */ = {isa = PBXFileReference; lastKnownFileType = sourcecode.c.objc; path = MDPatternTrack.m; sourceTree = "<group>"; };
		36B92126158F82CC0025F0B3 /* MDSysexUtil.h */ = {isa = PBXFileReference; lastKnownFileType = sourcecode.c.h; path = MDSysexUtil.h; sourceTree = "<group>"; };
		36B92127158F82CC0025F0B3 /* MDSysexUtil.m */ = {isa = PBXFileReference; lastKnownFileType = sourcecode.c.objc; path = MDSysexUtil.m; sourceTree = "<group>"; };
		36BAC67F164149E000F29993 /* CoreData.framework */ = {isa = PBXFileReference; lastKnownFileType = wrapper.framework; name = CoreData.framework; path = System/Library/Frameworks/CoreData.framework; sourceTree = SDKROOT; };
		36BBC19E15C0617F0087886B /* MDPatternCopiPasta.m */ = {isa = PBXFileReference; fileEncoding = 4; lastKnownFileType = sourcecode.c.objc; path = MDPatternCopiPasta.m; sourceTree = "<group>"; };
		36BBC19F15C0617F0087886B /* MDPatternNode.h */ = {isa = PBXFileReference; fileEncoding = 4; lastKnownFileType = sourcecode.c.h; path = MDPatternNode.h; sourceTree = "<group>"; };
		36BBC1A015C0617F0087886B /* MDPatternNode.m */ = {isa = PBXFileReference; fileEncoding = 4; lastKnownFileType = sourcecode.c.objc; path = MDPatternNode.m; sourceTree = "<group>"; };
		36BBC1A115C0617F0087886B /* MDPatternNodePosition.h */ = {isa = PBXFileReference; fileEncoding = 4; lastKnownFileType = sourcecode.c.h; path = MDPatternNodePosition.h; sourceTree = "<group>"; };
		36BBC1A215C0617F0087886B /* MDPatternNodePosition.m */ = {isa = PBXFileReference; fileEncoding = 4; lastKnownFileType = sourcecode.c.objc; path = MDPatternNodePosition.m; sourceTree = "<group>"; };
		36BBC1A315C0617F0087886B /* MDPatternCopiPasta.h */ = {isa = PBXFileReference; fileEncoding = 4; lastKnownFileType = sourcecode.c.h; path = MDPatternCopiPasta.h; sourceTree = "<group>"; };
		36BBC1A615C0617F0087886B /* MDPatternRegion.h */ = {isa = PBXFileReference; fileEncoding = 4; lastKnownFileType = sourcecode.c.h; path = MDPatternRegion.h; sourceTree = "<group>"; };
		36BBC1A715C0617F0087886B /* MDPatternRegion.m */ = {isa = PBXFileReference; fileEncoding = 4; lastKnownFileType = sourcecode.c.objc; path = MDPatternRegion.m; sourceTree = "<group>"; };
		36EC233D174145A50053E8AF /* AVFoundation.framework */ = {isa = PBXFileReference; lastKnownFileType = wrapper.framework; name = AVFoundation.framework; path = Platforms/iPhoneOS.platform/Developer/SDKs/iPhoneOS6.1.sdk/System/Library/Frameworks/AVFoundation.framework; sourceTree = DEVELOPER_DIR; };
		36EC233F174145B30053E8AF /* AVFoundation.framework */ = {isa = PBXFileReference; lastKnownFileType = wrapper.framework; name = AVFoundation.framework; path = Platforms/MacOSX.platform/Developer/SDKs/MacOSX10.8.sdk/System/Library/Frameworks/AVFoundation.framework; sourceTree = DEVELOPER_DIR; };
		36FAD2231649BB64008B4E8F /* MDStorage.h */ = {isa = PBXFileReference; fileEncoding = 4; lastKnownFileType = sourcecode.c.h; name = MDStorage.h; path = MachineDrumFramework/MDStorage.h; sourceTree = "<group>"; };
		36FAD2241649BB64008B4E8F /* MDStorage.m */ = {isa = PBXFileReference; fileEncoding = 4; lastKnownFileType = sourcecode.c.objc; name = MDStorage.m; path = MachineDrumFramework/MDStorage.m; sourceTree = "<group>"; };
		36FE349515CEB55100695E38 /* MDUserParameterValue.h */ = {isa = PBXFileReference; fileEncoding = 4; lastKnownFileType = sourcecode.c.h; path = MDUserParameterValue.h; sourceTree = "<group>"; };
		36FE349615CEB55100695E38 /* MDUserParameterValue.m */ = {isa = PBXFileReference; fileEncoding = 4; lastKnownFileType = sourcecode.c.objc; path = MDUserParameterValue.m; sourceTree = "<group>"; };
		36FE349815CEB57200695E38 /* MDUserParameterLimit.h */ = {isa = PBXFileReference; fileEncoding = 4; lastKnownFileType = sourcecode.c.h; path = MDUserParameterLimit.h; sourceTree = "<group>"; };
		36FE349915CEB57200695E38 /* MDUserParameterLimit.m */ = {isa = PBXFileReference; fileEncoding = 4; lastKnownFileType = sourcecode.c.objc; path = MDUserParameterLimit.m; sourceTree = "<group>"; };
/* End PBXFileReference section */

/* Begin PBXFrameworksBuildPhase section */
		3631A8861646C3E3008DB7E5 /* Frameworks */ = {
			isa = PBXFrameworksBuildPhase;
			buildActionMask = 2147483647;
			files = (
				36EC2340174145B30053E8AF /* AVFoundation.framework in Frameworks */,
				36A0260816F9C04F00EE3839 /* AudioUnit.framework in Frameworks */,
				3631A8871646C3E3008DB7E5 /* CoreData.framework in Frameworks */,
				3631A8881646C3E3008DB7E5 /* AudioToolbox.framework in Frameworks */,
				3631A8891646C3E3008DB7E5 /* CoreMIDI.framework in Frameworks */,
				3631A88A1646C3E3008DB7E5 /* Foundation.framework in Frameworks */,
			);
			runOnlyForDeploymentPostprocessing = 0;
		};
		36B920D7158F81670025F0B3 /* Frameworks */ = {
			isa = PBXFrameworksBuildPhase;
			buildActionMask = 2147483647;
			files = (
				36EC233E174145A50053E8AF /* AVFoundation.framework in Frameworks */,
				36A0260A16F9C0B200EE3839 /* AudioUnit.framework in Frameworks */,
				36BAC680164149E000F29993 /* CoreData.framework in Frameworks */,
				36A1919B1626405200DA8A38 /* AudioToolbox.framework in Frameworks */,
				36B920EC158F81760025F0B3 /* CoreMIDI.framework in Frameworks */,
				36B920DE158F81670025F0B3 /* Foundation.framework in Frameworks */,
			);
			runOnlyForDeploymentPostprocessing = 0;
		};
/* End PBXFrameworksBuildPhase section */

/* Begin PBXGroup section */
		3603C5C116276F49008EA901 /* Snapshots */ = {
			isa = PBXGroup;
			children = (
			);
			name = Snapshots;
			sourceTree = "<group>";
		};
		362A7EDE159A160D007478D7 /* Process */ = {
			isa = PBXGroup;
			children = (
				362A7ED9159A155F007478D7 /* MDProcedures.h */,
				362A7EDB159A15D3007478D7 /* MDProc.h */,
				362A7EDC159A15D3007478D7 /* MDProc.m */,
				362A7EEA159A17B3007478D7 /* MDProcedureTrigGenerator.h */,
				362A7EEB159A17B3007478D7 /* MDProcedureTrigGenerator.m */,
				362A7EEE159A18A8007478D7 /* MDProcedureCondition.h */,
				362A7EEF159A18A8007478D7 /* MDProcedureCondition.m */,
				362A7F04159A7B89007478D7 /* MDProcedureArpeggiator.h */,
				362A7F05159A7B89007478D7 /* MDProcedureArpeggiator.m */,
				362A7F0C159A939A007478D7 /* MDProcedureScaleFilter.h */,
				362A7F0D159A939A007478D7 /* MDProcedureScaleFilter.m */,
			);
			name = Process;
			sourceTree = "<group>";
		};
		3631494D16F6FFE900FAF523 /* Audio */ = {
			isa = PBXGroup;
			children = (
				36A0260016F9AF9700EE3839 /* MyUtils.m */,
				3631494E16F7000500FAF523 /* WaveEditor.h */,
				3631494F16F7000500FAF523 /* WaveEditor.m */,
				3631499716F722BE00FAF523 /* NPair.h */,
				3631499816F722BE00FAF523 /* NPair.m */,
				36A0261116F9D13A00EE3839 /* BufferPlayer.h */,
				36A0261216F9D13A00EE3839 /* BufferPlayer.m */,
				36AE3F55173EFC7E00D7EAF1 /* MDAudioRecorder.h */,
				36AE3F56173EFC7E00D7EAF1 /* MDAudioRecorder.m */,
			);
			name = Audio;
			sourceTree = "<group>";
		};
		3631A8C11646CBCB008DB7E5 /* Storage */ = {
			isa = PBXGroup;
			children = (
				364CD486164ABF3D0008E044 /* core data */,
				3631A9341646CC59008DB7E5 /* MDStorageModel.xcdatamodeld */,
				36FAD2231649BB64008B4E8F /* MDStorage.h */,
				36FAD2241649BB64008B4E8F /* MDStorage.m */,
			);
			name = Storage;
			path = ..;
			sourceTree = "<group>";
		};
		364CD486164ABF3D0008E044 /* core data */ = {
			isa = PBXGroup;
			children = (
				364CD488164ABF590008E044 /* machine files */,
				364CD487164ABF500008E044 /* human files */,
			);
			name = "core data";
			sourceTree = "<group>";
		};
		364CD487164ABF500008E044 /* human files */ = {
			isa = PBXGroup;
			children = (
				364CD49D164AC4F90008E044 /* MDStoragePattern.h */,
				364CD49E164AC4F90008E044 /* MDStoragePattern.m */,
				364CD491164ABFC30008E044 /* MDStorageGlobal.h */,
				364CD492164ABFC30008E044 /* MDStorageGlobal.m */,
				364CD493164ABFC30008E044 /* MDStorageSnapshot.h */,
				364CD494164ABFC30008E044 /* MDStorageSnapshot.m */,
			);
			name = "human files";
			sourceTree = "<group>";
		};
		364CD488164ABF590008E044 /* machine files */ = {
			isa = PBXGroup;
			children = (
				364CD499164AC4E80008E044 /* _MDStoragePattern.h */,
				364CD49A164AC4E80008E044 /* _MDStoragePattern.m */,
				364CD489164ABFAD0008E044 /* _MDStorageGlobal.h */,
				364CD48A164ABFAD0008E044 /* _MDStorageGlobal.m */,
				364CD48B164ABFAD0008E044 /* _MDStorageSnapshot.h */,
				364CD48C164ABFAD0008E044 /* _MDStorageSnapshot.m */,
			);
			name = "machine files";
			sourceTree = "<group>";
		};
		365F41951619EA2000E4231D /* Sysex */ = {
			isa = PBXGroup;
			children = (
				3699DF8915F38DDF004C9D83 /* MDSysexTransaction.h */,
				3699DF8A15F38DDF004C9D83 /* MDSysexTransaction.m */,
				3699DF8B15F38DDF004C9D83 /* MDSysexTransactionController.h */,
				3699DF8C15F38DDF004C9D83 /* MDSysexTransactionController.m */,
				36B92126158F82CC0025F0B3 /* MDSysexUtil.h */,
				36B92127158F82CC0025F0B3 /* MDSysexUtil.m */,
				36B4B0B5158F9263009CFC0A /* MDSysexRouter.h */,
				36B4B0B6158F9263009CFC0A /* MDSysexRouter.m */,
			);
			name = Sysex;
			sourceTree = "<group>";
		};
		36B61E0E170C401500C2EC42 /* A4 */ = {
			isa = PBXGroup;
			children = (
				36B61E0F170C402500C2EC42 /* A4Global.h */,
				36B61E10170C402500C2EC42 /* A4Global.m */,
				36B61E11170C402500C2EC42 /* A4Kit.h */,
				36B61E12170C402500C2EC42 /* A4Kit.m */,
				36B61E13170C402500C2EC42 /* A4Pattern.h */,
				36B61E14170C402500C2EC42 /* A4Pattern.m */,
				36B61E15170C402500C2EC42 /* A4Song.h */,
				36B61E16170C402500C2EC42 /* A4Song.m */,
				36B61E17170C402500C2EC42 /* A4Sound.h */,
				36B61E18170C402500C2EC42 /* A4Sound.m */,
				36B61E19170C402500C2EC42 /* A4SysexMessage.h */,
				36B61E1A170C402500C2EC42 /* A4SysexMessage.m */,
			);
			name = A4;
			sourceTree = "<group>";
		};
		36B920CF158F81670025F0B3 = {
			isa = PBXGroup;
			children = (
				36B920DF158F81670025F0B3 /* MachineDrumFramework */,
				36B920DC158F81670025F0B3 /* Frameworks */,
				36B920DB158F81670025F0B3 /* Products */,
			);
			sourceTree = "<group>";
		};
		36B920DB158F81670025F0B3 /* Products */ = {
			isa = PBXGroup;
			children = (
				36B920DA158F81670025F0B3 /* libMachineDrumFramework-iOS.a */,
				3631A8901646C3E4008DB7E5 /* libMachineDrumFramework-Mac.a */,
			);
			name = Products;
			sourceTree = "<group>";
		};
		36B920DC158F81670025F0B3 /* Frameworks */ = {
			isa = PBXGroup;
			children = (
				36EC233F174145B30053E8AF /* AVFoundation.framework */,
				36EC233D174145A50053E8AF /* AVFoundation.framework */,
				36A0260916F9C0B200EE3839 /* AudioUnit.framework */,
				36A0260716F9C04F00EE3839 /* AudioUnit.framework */,
				36BAC67F164149E000F29993 /* CoreData.framework */,
				36A1919A1626405200DA8A38 /* AudioToolbox.framework */,
				36B920EB158F81760025F0B3 /* CoreMIDI.framework */,
				36B920DD158F81670025F0B3 /* Foundation.framework */,
			);
			name = Frameworks;
			sourceTree = "<group>";
		};
		36B920DF158F81670025F0B3 /* MachineDrumFramework */ = {
			isa = PBXGroup;
			children = (
				36B61E0E170C401500C2EC42 /* A4 */,
				36B4B06A158F8777009CFC0A /* MDMachinedrumPublic.h */,
				36814F011594CD8700220C88 /* MDConstants.h */,
				3631494D16F6FFE900FAF523 /* Audio */,
				3631A8C11646CBCB008DB7E5 /* Storage */,
				36BAC90C16414ED500F29993 /* Helpers */,
				36BAC90B16414EA600F29993 /* MIDI */,
				36BAC90616414DB800F29993 /* MDUserDataTypes */,
				3603C5C116276F49008EA901 /* Snapshots */,
				36FE349015CEB4C900695E38 /* UserLogic */,
				36D4192815BD9EB100DCFBCF /* PatternManipulation */,
				362A7EDE159A160D007478D7 /* Process */,
				36B920E0158F81670025F0B3 /* Supporting Files */,
			);
			path = MachineDrumFramework;
			sourceTree = "<group>";
		};
		36B920E0158F81670025F0B3 /* Supporting Files */ = {
			isa = PBXGroup;
			children = (
				36B920E1158F81670025F0B3 /* MachineDrumFramework-Prefix.pch */,
			);
			name = "Supporting Files";
			sourceTree = "<group>";
		};
		36BAC90616414DB800F29993 /* MDUserDataTypes */ = {
			isa = PBXGroup;
			children = (
				36BAC90A16414E7600F29993 /* Global */,
				36BAC90916414E6200F29993 /* Song */,
				36BAC90816414E1100F29993 /* Pattern */,
				36BAC90716414DD900F29993 /* Kit */,
			);
			name = MDUserDataTypes;
			sourceTree = "<group>";
		};
		36BAC90716414DD900F29993 /* Kit */ = {
			isa = PBXGroup;
			children = (
				36B92106158F82CC0025F0B3 /* MDKit.h */,
				36B92107158F82CC0025F0B3 /* MDKit.m */,
				36B92108158F82CC0025F0B3 /* MDKitLFOSettings.h */,
				36B92109158F82CC0025F0B3 /* MDKitLFOSettings.m */,
				36B9210A158F82CC0025F0B3 /* MDKitMachine.h */,
				36B9210B158F82CC0025F0B3 /* MDKitMachine.m */,
				36B9210C158F82CC0025F0B3 /* MDKitParser.h */,
				36B9210D158F82CC0025F0B3 /* MDKitParser.m */,
				36B9210E158F82CC0025F0B3 /* MDKitReceiveTester.h */,
				36B9210F158F82CC0025F0B3 /* MDKitReceiveTester.m */,
				36B92110158F82CC0025F0B3 /* MDKitTrack.h */,
				36B92111158F82CC0025F0B3 /* MDKitTrack.m */,
				36B92112158F82CC0025F0B3 /* MDKitTrackParams.h */,
				36B92113158F82CC0025F0B3 /* MDKitTrackParams.m */,
			);
			name = Kit;
			sourceTree = "<group>";
		};
		36BAC90816414E1100F29993 /* Pattern */ = {
			isa = PBXGroup;
			children = (
				36B92122158F82CC0025F0B3 /* MDPatternTrack.h */,
				36B92123158F82CC0025F0B3 /* MDPatternTrack.m */,
				36B92116158F82CC0025F0B3 /* MDParameterLock.h */,
				36B92117158F82CC0025F0B3 /* MDParameterLock.m */,
				36B92118158F82CC0025F0B3 /* MDParameterLockRow.h */,
				36B92119158F82CC0025F0B3 /* MDParameterLockRow.m */,
				36B9211C158F82CC0025F0B3 /* MDPatternParameterLocks.h */,
				36B9211D158F82CC0025F0B3 /* MDPatternParameterLocks.m */,
				36B9211E158F82CC0025F0B3 /* MDPatternParser.h */,
				36B9211F158F82CC0025F0B3 /* MDPatternParser.m */,
			);
			name = Pattern;
			sourceTree = "<group>";
		};
		36BAC90916414E6200F29993 /* Song */ = {
			isa = PBXGroup;
			children = (
				364CD2BE15F5157200CA49A9 /* MDSong.h */,
				364CD2BF15F5157200CA49A9 /* MDSong.m */,
			);
			name = Song;
			sourceTree = "<group>";
		};
		36BAC90A16414E7600F29993 /* Global */ = {
			isa = PBXGroup;
			children = (
				362FE68515EF9E5B00DAFBB2 /* MDMachinedrumGlobalSettings.h */,
				362FE68615EF9E5B00DAFBB2 /* MDMachinedrumGlobalSettings.m */,
				367C3B4815F3AF8400C81CBE /* MDMachinedrumGlobalSettingsParser.h */,
				367C3B4915F3AF8400C81CBE /* MDMachinedrumGlobalSettingsParser.m */,
			);
			name = Global;
			sourceTree = "<group>";
		};
		36BAC90B16414EA600F29993 /* MIDI */ = {
			isa = PBXGroup;
			children = (
				365F419A1619EA5500E4231D /* MDSDS.h */,
				365F419B1619EA5500E4231D /* MDSDS.m */,
				365F41951619EA2000E4231D /* Sysex */,
				36B92114158F82CC0025F0B3 /* MDMachineDrum.h */,
				36B92115158F82CC0025F0B3 /* MDMachineDrum.m */,
				3699DF8715F38DDF004C9D83 /* MDMIDI.h */,
				3699DF8815F38DDF004C9D83 /* MDMIDI.m */,
				3699DF9115F38E76004C9D83 /* PGMidi.h */,
				3699DF9215F38E76004C9D83 /* PGMidi.m */,
				3699DF9315F38E76004C9D83 /* PGMidiFind.h */,
				3699DF9415F38E76004C9D83 /* PGMidiFind.m */,
				3699DF9515F38E76004C9D83 /* MidiInputParser.h */,
				3699DF9615F38E76004C9D83 /* MidiInputParser.m */,
			);
			name = MIDI;
			sourceTree = "<group>";
		};
		36BAC90C16414ED500F29993 /* Helpers */ = {
			isa = PBXGroup;
			children = (
				36746CA91597DACD007F09F2 /* MDProcessingPipeline.h */,
				36746CAA1597DACD007F09F2 /* MDProcessingPipeline.m */,
				36814F021594CD8700220C88 /* MDPitch.h */,
				36814F031594CD8700220C88 /* MDPitch.m */,
				364CD2C215F515BE00CA49A9 /* MDValueMap.h */,
				364CD2C315F515BF00CA49A9 /* MDValueMap.m */,
				364CD2C515F5169F00CA49A9 /* MDValuePair.h */,
				364CD2C615F5169F00CA49A9 /* MDValuePair.m */,
			);
			name = Helpers;
			sourceTree = "<group>";
		};
		36D4192815BD9EB100DCFBCF /* PatternManipulation */ = {
			isa = PBXGroup;
			children = (
				36BBC1A315C0617F0087886B /* MDPatternCopiPasta.h */,
				36BBC19E15C0617F0087886B /* MDPatternCopiPasta.m */,
				36BBC19F15C0617F0087886B /* MDPatternNode.h */,
				36BBC1A015C0617F0087886B /* MDPatternNode.m */,
				36BBC1A115C0617F0087886B /* MDPatternNodePosition.h */,
				36BBC1A215C0617F0087886B /* MDPatternNodePosition.m */,
				36BBC1A615C0617F0087886B /* MDPatternRegion.h */,
				36BBC1A715C0617F0087886B /* MDPatternRegion.m */,
				364752F015D1AD63002DCA22 /* MDPatternTrigGenerator.h */,
				364752F115D1AD63002DCA22 /* MDPatternTrigGenerator.m */,
			);
			name = PatternManipulation;
			sourceTree = "<group>";
		};
		36FE349015CEB4C900695E38 /* UserLogic */ = {
			isa = PBXGroup;
			children = (
				36FE349515CEB55100695E38 /* MDUserParameterValue.h */,
				36FE349615CEB55100695E38 /* MDUserParameterValue.m */,
				36FE349815CEB57200695E38 /* MDUserParameterLimit.h */,
				36FE349915CEB57200695E38 /* MDUserParameterLimit.m */,
			);
			name = UserLogic;
			sourceTree = "<group>";
		};
/* End PBXGroup section */

/* Begin PBXNativeTarget section */
		3631A8571646C3E3008DB7E5 /* MachineDrumFramework-Mac */ = {
			isa = PBXNativeTarget;
			buildConfigurationList = 3631A88D1646C3E3008DB7E5 /* Build configuration list for PBXNativeTarget "MachineDrumFramework-Mac" */;
			buildPhases = (
				3631A8581646C3E3008DB7E5 /* Sources */,
				3631A8861646C3E3008DB7E5 /* Frameworks */,
				3631A88B1646C3E3008DB7E5 /* CopyFiles */,
			);
			buildRules = (
			);
			dependencies = (
				364CD485164ABDBB0008E044 /* PBXTargetDependency */,
			);
			name = "MachineDrumFramework-Mac";
			productName = MachineDrumFramework;
			productReference = 3631A8901646C3E4008DB7E5 /* libMachineDrumFramework-Mac.a */;
			productType = "com.apple.product-type.library.static";
		};
		36B920D9158F81670025F0B3 /* MachineDrumFramework-iOS */ = {
			isa = PBXNativeTarget;
			buildConfigurationList = 36B920E8158F81680025F0B3 /* Build configuration list for PBXNativeTarget "MachineDrumFramework-iOS" */;
			buildPhases = (
				36B920D6158F81670025F0B3 /* Sources */,
				36B920D7158F81670025F0B3 /* Frameworks */,
				36B920D8158F81670025F0B3 /* CopyFiles */,
			);
			buildRules = (
			);
			dependencies = (
				364CD483164ABDB60008E044 /* PBXTargetDependency */,
			);
			name = "MachineDrumFramework-iOS";
			productName = MachineDrumFramework;
			productReference = 36B920DA158F81670025F0B3 /* libMachineDrumFramework-iOS.a */;
			productType = "com.apple.product-type.library.static";
		};
/* End PBXNativeTarget section */

/* Begin PBXProject section */
		36B920D1158F81670025F0B3 /* Project object */ = {
			isa = PBXProject;
			attributes = {
				LastUpgradeCheck = 0450;
				ORGANIZATIONNAME = "Jakob Penca";
			};
			buildConfigurationList = 36B920D4158F81670025F0B3 /* Build configuration list for PBXProject "MachineDrumFramework" */;
			compatibilityVersion = "Xcode 3.2";
			developmentRegion = English;
			hasScannedForEncodings = 0;
			knownRegions = (
				en,
			);
			mainGroup = 36B920CF158F81670025F0B3;
			productRefGroup = 36B920DB158F81670025F0B3 /* Products */;
			projectDirPath = "";
			projectRoot = "";
			targets = (
				36B920D9158F81670025F0B3 /* MachineDrumFramework-iOS */,
				3631A8571646C3E3008DB7E5 /* MachineDrumFramework-Mac */,
				364CD47C164AB8EB0008E044 /* Mogenerator */,
			);
		};
/* End PBXProject section */

/* Begin PBXShellScriptBuildPhase section */
		364CD480164AB8F40008E044 /* ShellScript */ = {
			isa = PBXShellScriptBuildPhase;
			buildActionMask = 2147483647;
			files = (
			);
			inputPaths = (
			);
			outputPaths = (
			);
			runOnlyForDeploymentPostprocessing = 0;
			shellPath = /bin/sh;
			shellScript = "mogenerator -m MDStorageModel.xcdatamodeld/MDStorageModel.xcdatamodel -M MachineDrumFramework/ -H MachineDrumFramework/ --template-var arc=true";
		};
/* End PBXShellScriptBuildPhase section */

/* Begin PBXSourcesBuildPhase section */
		3631A8581646C3E3008DB7E5 /* Sources */ = {
			isa = PBXSourcesBuildPhase;
			buildActionMask = 2147483647;
			files = (
				3631A8591646C3E3008DB7E5 /* MDPatternTrack.m in Sources */,
				3631A85A1646C3E3008DB7E5 /* MDSysexUtil.m in Sources */,
				3631A85C1646C3E3008DB7E5 /* MDKit.m in Sources */,
				3631A85D1646C3E3008DB7E5 /* MDKitLFOSettings.m in Sources */,
				3631A85E1646C3E3008DB7E5 /* MDKitMachine.m in Sources */,
				3631A85F1646C3E3008DB7E5 /* MDKitParser.m in Sources */,
				3631A8601646C3E3008DB7E5 /* MDKitReceiveTester.m in Sources */,
				3631A8611646C3E3008DB7E5 /* MDKitTrack.m in Sources */,
				3631A8621646C3E3008DB7E5 /* MDKitTrackParams.m in Sources */,
				3631A8631646C3E3008DB7E5 /* MDMachineDrum.m in Sources */,
				3631A8641646C3E3008DB7E5 /* MDParameterLock.m in Sources */,
				3631A8651646C3E3008DB7E5 /* MDParameterLockRow.m in Sources */,
				3631A8671646C3E3008DB7E5 /* MDPatternParameterLocks.m in Sources */,
				3631A8681646C3E3008DB7E5 /* MDPatternParser.m in Sources */,
				3631A86A1646C3E3008DB7E5 /* MDSysexRouter.m in Sources */,
				3631A86C1646C3E3008DB7E5 /* MDPitch.m in Sources */,
				3631A86D1646C3E3008DB7E5 /* MDProcessingPipeline.m in Sources */,
				3631A86E1646C3E3008DB7E5 /* MDProc.m in Sources */,
				3631A86F1646C3E3008DB7E5 /* MDProcedureTrigGenerator.m in Sources */,
				3631A8701646C3E3008DB7E5 /* MDProcedureCondition.m in Sources */,
				3631A8711646C3E3008DB7E5 /* MDProcedureArpeggiator.m in Sources */,
				3631A8721646C3E3008DB7E5 /* MDProcedureScaleFilter.m in Sources */,
				3631A8731646C3E3008DB7E5 /* MDPatternCopiPasta.m in Sources */,
				3631A8741646C3E3008DB7E5 /* MDPatternNode.m in Sources */,
				3631A8751646C3E3008DB7E5 /* MDPatternNodePosition.m in Sources */,
				3631A8761646C3E3008DB7E5 /* MDPatternRegion.m in Sources */,
				3631A8771646C3E3008DB7E5 /* MDUserParameterValue.m in Sources */,
				3631A8781646C3E3008DB7E5 /* MDUserParameterLimit.m in Sources */,
				3631A8791646C3E3008DB7E5 /* MDPatternTrigGenerator.m in Sources */,
				3631A87A1646C3E3008DB7E5 /* MDMachinedrumGlobalSettings.m in Sources */,
				3631A87B1646C3E3008DB7E5 /* MDMIDI.m in Sources */,
				3631A87C1646C3E3008DB7E5 /* MDSysexTransaction.m in Sources */,
				3631A87D1646C3E3008DB7E5 /* MDSysexTransactionController.m in Sources */,
				3631A87E1646C3E3008DB7E5 /* PGMidi.m in Sources */,
				3631A87F1646C3E3008DB7E5 /* PGMidiFind.m in Sources */,
				3631A8801646C3E3008DB7E5 /* MidiInputParser.m in Sources */,
				3631A8811646C3E3008DB7E5 /* MDMachinedrumGlobalSettingsParser.m in Sources */,
				3631A8821646C3E3008DB7E5 /* MDSong.m in Sources */,
				3631A8831646C3E3008DB7E5 /* MDValueMap.m in Sources */,
				3631A8841646C3E3008DB7E5 /* MDValuePair.m in Sources */,
				3631A8851646C3E3008DB7E5 /* MDSDS.m in Sources */,
				3631A9371646CC59008DB7E5 /* MDStorageModel.xcdatamodeld in Sources */,
				36FAD2261649BB64008B4E8F /* MDStorage.m in Sources */,
				364CD48E164ABFAD0008E044 /* _MDStorageGlobal.m in Sources */,
				364CD490164ABFAD0008E044 /* _MDStorageSnapshot.m in Sources */,
				364CD496164ABFC30008E044 /* MDStorageGlobal.m in Sources */,
				364CD498164ABFC30008E044 /* MDStorageSnapshot.m in Sources */,
				364CD49C164AC4E80008E044 /* _MDStoragePattern.m in Sources */,
				364CD4A0164AC4F90008E044 /* MDStoragePattern.m in Sources */,
				3631495116F7000500FAF523 /* WaveEditor.m in Sources */,
				3631499A16F722BE00FAF523 /* NPair.m in Sources */,
				36A0260216F9AF9700EE3839 /* MyUtils.m in Sources */,
				36A0261416F9D13A00EE3839 /* BufferPlayer.m in Sources */,
				36B61E1C170C402500C2EC42 /* A4Global.m in Sources */,
				36B61E1E170C402500C2EC42 /* A4Kit.m in Sources */,
				36B61E20170C402500C2EC42 /* A4Pattern.m in Sources */,
				36B61E22170C402500C2EC42 /* A4Song.m in Sources */,
				36B61E24170C402500C2EC42 /* A4Sound.m in Sources */,
				36B61E26170C402500C2EC42 /* A4SysexMessage.m in Sources */,
				36AE3F58173EFC7E00D7EAF1 /* MDAudioRecorder.m in Sources */,
			);
			runOnlyForDeploymentPostprocessing = 0;
		};
		36B920D6158F81670025F0B3 /* Sources */ = {
			isa = PBXSourcesBuildPhase;
			buildActionMask = 2147483647;
			files = (
				362C5E7F159BD95B000D53CB /* MDPatternTrack.m in Sources */,
				362C5E80159BD95B000D53CB /* MDSysexUtil.m in Sources */,
				36B92128158F82CC0025F0B3 /* MDKit.m in Sources */,
				36B92129158F82CC0025F0B3 /* MDKitLFOSettings.m in Sources */,
				36B9212A158F82CC0025F0B3 /* MDKitMachine.m in Sources */,
				36B9212B158F82CC0025F0B3 /* MDKitParser.m in Sources */,
				36B9212C158F82CC0025F0B3 /* MDKitReceiveTester.m in Sources */,
				36B9212D158F82CC0025F0B3 /* MDKitTrack.m in Sources */,
				36B9212E158F82CC0025F0B3 /* MDKitTrackParams.m in Sources */,
				36B9212F158F82CC0025F0B3 /* MDMachineDrum.m in Sources */,
				36B92130158F82CC0025F0B3 /* MDParameterLock.m in Sources */,
				36B92131158F82CC0025F0B3 /* MDParameterLockRow.m in Sources */,
				36B92133158F82CC0025F0B3 /* MDPatternParameterLocks.m in Sources */,
				36B92134158F82CC0025F0B3 /* MDPatternParser.m in Sources */,
				36B4B0B7158F9263009CFC0A /* MDSysexRouter.m in Sources */,
				36814F041594CD8700220C88 /* MDPitch.m in Sources */,
				36746CAB1597DACD007F09F2 /* MDProcessingPipeline.m in Sources */,
				362A7EDD159A15D3007478D7 /* MDProc.m in Sources */,
				362A7EEC159A17B3007478D7 /* MDProcedureTrigGenerator.m in Sources */,
				362A7EF0159A18A8007478D7 /* MDProcedureCondition.m in Sources */,
				362A7F06159A7B89007478D7 /* MDProcedureArpeggiator.m in Sources */,
				362A7F0E159A939A007478D7 /* MDProcedureScaleFilter.m in Sources */,
				36BBC1A815C0617F0087886B /* MDPatternCopiPasta.m in Sources */,
				36BBC1A915C0617F0087886B /* MDPatternNode.m in Sources */,
				36BBC1AA15C0617F0087886B /* MDPatternNodePosition.m in Sources */,
				36BBC1AD15C0617F0087886B /* MDPatternRegion.m in Sources */,
				36FE349715CEB55100695E38 /* MDUserParameterValue.m in Sources */,
				36FE349A15CEB57200695E38 /* MDUserParameterLimit.m in Sources */,
				364752F215D1AD63002DCA22 /* MDPatternTrigGenerator.m in Sources */,
				362FE68715EF9E5B00DAFBB2 /* MDMachinedrumGlobalSettings.m in Sources */,
				3699DF8D15F38DDF004C9D83 /* MDMIDI.m in Sources */,
				3699DF8E15F38DDF004C9D83 /* MDSysexTransaction.m in Sources */,
				3699DF8F15F38DDF004C9D83 /* MDSysexTransactionController.m in Sources */,
				3699DF9715F38E76004C9D83 /* PGMidi.m in Sources */,
				3699DF9815F38E76004C9D83 /* PGMidiFind.m in Sources */,
				3699DF9915F38E76004C9D83 /* MidiInputParser.m in Sources */,
				367C3B4A15F3AF8400C81CBE /* MDMachinedrumGlobalSettingsParser.m in Sources */,
				364CD2C015F5157200CA49A9 /* MDSong.m in Sources */,
				364CD2C415F515BF00CA49A9 /* MDValueMap.m in Sources */,
				364CD2C715F5169F00CA49A9 /* MDValuePair.m in Sources */,
				365F419C1619EA5500E4231D /* MDSDS.m in Sources */,
				3631A9361646CC59008DB7E5 /* MDStorageModel.xcdatamodeld in Sources */,
				36FAD2251649BB64008B4E8F /* MDStorage.m in Sources */,
				364CD48D164ABFAD0008E044 /* _MDStorageGlobal.m in Sources */,
				364CD48F164ABFAD0008E044 /* _MDStorageSnapshot.m in Sources */,
				364CD495164ABFC30008E044 /* MDStorageGlobal.m in Sources */,
				364CD497164ABFC30008E044 /* MDStorageSnapshot.m in Sources */,
				364CD49B164AC4E80008E044 /* _MDStoragePattern.m in Sources */,
				364CD49F164AC4F90008E044 /* MDStoragePattern.m in Sources */,
				3631495016F7000500FAF523 /* WaveEditor.m in Sources */,
				3631499916F722BE00FAF523 /* NPair.m in Sources */,
				36A0260116F9AF9700EE3839 /* MyUtils.m in Sources */,
				36A0261316F9D13A00EE3839 /* BufferPlayer.m in Sources */,
				36B61E1B170C402500C2EC42 /* A4Global.m in Sources */,
				36B61E1D170C402500C2EC42 /* A4Kit.m in Sources */,
				36B61E1F170C402500C2EC42 /* A4Pattern.m in Sources */,
				36B61E21170C402500C2EC42 /* A4Song.m in Sources */,
				36B61E23170C402500C2EC42 /* A4Sound.m in Sources */,
				36B61E25170C402500C2EC42 /* A4SysexMessage.m in Sources */,
				36AE3F57173EFC7E00D7EAF1 /* MDAudioRecorder.m in Sources */,
			);
			runOnlyForDeploymentPostprocessing = 0;
		};
/* End PBXSourcesBuildPhase section */

/* Begin PBXTargetDependency section */
		364CD483164ABDB60008E044 /* PBXTargetDependency */ = {
			isa = PBXTargetDependency;
			target = 364CD47C164AB8EB0008E044 /* Mogenerator */;
			targetProxy = 364CD482164ABDB60008E044 /* PBXContainerItemProxy */;
		};
		364CD485164ABDBB0008E044 /* PBXTargetDependency */ = {
			isa = PBXTargetDependency;
			target = 364CD47C164AB8EB0008E044 /* Mogenerator */;
			targetProxy = 364CD484164ABDBB0008E044 /* PBXContainerItemProxy */;
		};
/* End PBXTargetDependency section */

/* Begin XCBuildConfiguration section */
		3631A88E1646C3E3008DB7E5 /* Debug */ = {
			isa = XCBuildConfiguration;
			buildSettings = {
				ARCHS = "$(ARCHS_STANDARD_32_64_BIT)";
				CODE_SIGN_IDENTITY = "iPhone Developer";
				COMBINE_HIDPI_IMAGES = YES;
				DSTROOT = /tmp/MachineDrumFramework.dst;
				FRAMEWORK_SEARCH_PATHS = (
					"$(inherited)",
					"\"$(SRCROOT)/../libs/MagicalRecord/Project Files/iOS App Unit Tests/Frameworks\"",
					"\"$(SRCROOT)/../libs/MagicalRecord/Project Files/Mac App Unit Tests/Frameworks\"",
				);
				GCC_PRECOMPILE_PREFIX_HEADER = YES;
				GCC_PREFIX_HEADER = "MachineDrumFramework/MachineDrumFramework-Prefix.pch";
				IPHONEOS_DEPLOYMENT_TARGET = 5.1;
				LIBRARY_SEARCH_PATHS = (
					"$(inherited)",
					"\"$(SRCROOT)/../libs/MagicalRecord/Project Files/iOS App Unit Tests/Frameworks/OCMockLibrary\"",
					"\"$(SRCROOT)/../libs/MagicalRecord/Project Files/Mac App Unit Tests/Frameworks/OCMockLibrary\"",
				);
				ONLY_ACTIVE_ARCH = YES;
				OTHER_LDFLAGS = "-ObjC";
				PRODUCT_NAME = "MachineDrumFramework-Mac";
				PROVISIONING_PROFILE = "";
				SDKROOT = macosx;
				SKIP_INSTALL = YES;
				SUPPORTED_PLATFORMS = macosx;
			};
			name = Debug;
		};
		3631A88F1646C3E3008DB7E5 /* Release */ = {
			isa = XCBuildConfiguration;
			buildSettings = {
				ARCHS = "$(ARCHS_STANDARD_32_64_BIT)";
				CODE_SIGN_IDENTITY = "iPhone Developer";
				COMBINE_HIDPI_IMAGES = YES;
				DSTROOT = /tmp/MachineDrumFramework.dst;
				FRAMEWORK_SEARCH_PATHS = (
					"$(inherited)",
					"\"$(SRCROOT)/../libs/MagicalRecord/Project Files/iOS App Unit Tests/Frameworks\"",
					"\"$(SRCROOT)/../libs/MagicalRecord/Project Files/Mac App Unit Tests/Frameworks\"",
				);
				GCC_PRECOMPILE_PREFIX_HEADER = YES;
				GCC_PREFIX_HEADER = "MachineDrumFramework/MachineDrumFramework-Prefix.pch";
				IPHONEOS_DEPLOYMENT_TARGET = 5.1;
				LIBRARY_SEARCH_PATHS = (
					"$(inherited)",
					"\"$(SRCROOT)/../libs/MagicalRecord/Project Files/iOS App Unit Tests/Frameworks/OCMockLibrary\"",
					"\"$(SRCROOT)/../libs/MagicalRecord/Project Files/Mac App Unit Tests/Frameworks/OCMockLibrary\"",
				);
				ONLY_ACTIVE_ARCH = YES;
				OTHER_LDFLAGS = "-ObjC";
				PRODUCT_NAME = "MachineDrumFramework-Mac";
				PROVISIONING_PROFILE = "";
				SDKROOT = macosx;
				SKIP_INSTALL = YES;
				SUPPORTED_PLATFORMS = macosx;
			};
			name = Release;
		};
		364CD47E164AB8EB0008E044 /* Debug */ = {
			isa = XCBuildConfiguration;
			buildSettings = {
				COMBINE_HIDPI_IMAGES = YES;
				PRODUCT_NAME = "$(TARGET_NAME)";
			};
			name = Debug;
		};
		364CD47F164AB8EB0008E044 /* Release */ = {
			isa = XCBuildConfiguration;
			buildSettings = {
				COMBINE_HIDPI_IMAGES = YES;
				PRODUCT_NAME = "$(TARGET_NAME)";
			};
			name = Release;
		};
		36B920E6158F81680025F0B3 /* Debug */ = {
			isa = XCBuildConfiguration;
			buildSettings = {
				ALWAYS_SEARCH_USER_PATHS = NO;
				ARCHS = "$(NATIVE_ARCH_ACTUAL)";
				CLANG_CXX_LANGUAGE_STANDARD = "gnu++0x";
				CLANG_ENABLE_OBJC_ARC = YES;
				CLANG_WARN__DUPLICATE_METHOD_MATCH = YES;
				COPY_PHASE_STRIP = NO;
				GCC_C_LANGUAGE_STANDARD = gnu99;
				GCC_DYNAMIC_NO_PIC = NO;
				GCC_OPTIMIZATION_LEVEL = 0;
				GCC_PREPROCESSOR_DEFINITIONS = (
					"DEBUG=1",
					"$(inherited)",
				);
				GCC_SYMBOLS_PRIVATE_EXTERN = NO;
				GCC_WARN_ABOUT_RETURN_TYPE = YES;
				GCC_WARN_TYPECHECK_CALLS_TO_PRINTF = NO;
				GCC_WARN_UNINITIALIZED_AUTOS = YES;
				GCC_WARN_UNUSED_VARIABLE = YES;
				IPHONEOS_DEPLOYMENT_TARGET = 5.1;
				MACOSX_DEPLOYMENT_TARGET = 10.7;
				ONLY_ACTIVE_ARCH = YES;
				OTHER_LDFLAGS = "";
				SDKROOT = "";
				SUPPORTED_PLATFORMS = macosx;
			};
			name = Debug;
		};
		36B920E7158F81680025F0B3 /* Release */ = {
			isa = XCBuildConfiguration;
			buildSettings = {
				ALWAYS_SEARCH_USER_PATHS = NO;
				ARCHS = "$(NATIVE_ARCH_ACTUAL)";
				CLANG_CXX_LANGUAGE_STANDARD = "gnu++0x";
				CLANG_ENABLE_OBJC_ARC = YES;
				CLANG_WARN__DUPLICATE_METHOD_MATCH = YES;
				COPY_PHASE_STRIP = YES;
				GCC_C_LANGUAGE_STANDARD = gnu99;
				GCC_WARN_ABOUT_RETURN_TYPE = YES;
				GCC_WARN_TYPECHECK_CALLS_TO_PRINTF = NO;
				GCC_WARN_UNINITIALIZED_AUTOS = YES;
				GCC_WARN_UNUSED_VARIABLE = YES;
				IPHONEOS_DEPLOYMENT_TARGET = 5.1;
				MACOSX_DEPLOYMENT_TARGET = 10.7;
				ONLY_ACTIVE_ARCH = YES;
				OTHER_LDFLAGS = "";
				SDKROOT = "";
				SUPPORTED_PLATFORMS = macosx;
				VALIDATE_PRODUCT = YES;
			};
			name = Release;
		};
		36B920E9158F81680025F0B3 /* Debug */ = {
			isa = XCBuildConfiguration;
			buildSettings = {
				ARCHS = "$(ARCHS_STANDARD_32_BIT)";
				CODE_SIGN_IDENTITY = "iPhone Developer";
				COMBINE_HIDPI_IMAGES = YES;
				DSTROOT = /tmp/MachineDrumFramework.dst;
				FRAMEWORK_SEARCH_PATHS = (
					"$(inherited)",
					"\"$(SRCROOT)/../libs/MagicalRecord/Project Files/iOS App Unit Tests/Frameworks\"",
					"\"$(SRCROOT)/../libs/MagicalRecord/Project Files/Mac App Unit Tests/Frameworks\"",
				);
				GCC_PRECOMPILE_PREFIX_HEADER = YES;
				GCC_PREFIX_HEADER = "MachineDrumFramework/MachineDrumFramework-Prefix.pch";
				IPHONEOS_DEPLOYMENT_TARGET = 5.1;
				LIBRARY_SEARCH_PATHS = (
					"$(inherited)",
					"\"$(SRCROOT)/../libs/MagicalRecord/Project Files/iOS App Unit Tests/Frameworks/OCMockLibrary\"",
					"\"$(SRCROOT)/../libs/MagicalRecord/Project Files/Mac App Unit Tests/Frameworks/OCMockLibrary\"",
				);
				ONLY_ACTIVE_ARCH = YES;
				OTHER_LDFLAGS = "-ObjC";
				PRODUCT_NAME = "$(TARGET_NAME)";
				PROVISIONING_PROFILE = "";
				SDKROOT = iphoneos;
				SKIP_INSTALL = YES;
				SUPPORTED_PLATFORMS = "iphonesimulator iphoneos";
			};
			name = Debug;
		};
		36B920EA158F81680025F0B3 /* Release */ = {
			isa = XCBuildConfiguration;
			buildSettings = {
				ARCHS = "$(ARCHS_STANDARD_32_BIT)";
				CODE_SIGN_IDENTITY = "iPhone Developer";
				COMBINE_HIDPI_IMAGES = YES;
				DSTROOT = /tmp/MachineDrumFramework.dst;
				FRAMEWORK_SEARCH_PATHS = (
					"$(inherited)",
					"\"$(SRCROOT)/../libs/MagicalRecord/Project Files/iOS App Unit Tests/Frameworks\"",
					"\"$(SRCROOT)/../libs/MagicalRecord/Project Files/Mac App Unit Tests/Frameworks\"",
				);
				GCC_PRECOMPILE_PREFIX_HEADER = YES;
				GCC_PREFIX_HEADER = "MachineDrumFramework/MachineDrumFramework-Prefix.pch";
				IPHONEOS_DEPLOYMENT_TARGET = 5.1;
				LIBRARY_SEARCH_PATHS = (
					"$(inherited)",
					"\"$(SRCROOT)/../libs/MagicalRecord/Project Files/iOS App Unit Tests/Frameworks/OCMockLibrary\"",
					"\"$(SRCROOT)/../libs/MagicalRecord/Project Files/Mac App Unit Tests/Frameworks/OCMockLibrary\"",
				);
				ONLY_ACTIVE_ARCH = YES;
				OTHER_LDFLAGS = "-ObjC";
				PRODUCT_NAME = "$(TARGET_NAME)";
				PROVISIONING_PROFILE = "";
				SDKROOT = iphoneos;
				SKIP_INSTALL = YES;
				SUPPORTED_PLATFORMS = "iphonesimulator iphoneos";
			};
			name = Release;
		};
/* End XCBuildConfiguration section */

/* Begin XCConfigurationList section */
		3631A88D1646C3E3008DB7E5 /* Build configuration list for PBXNativeTarget "MachineDrumFramework-Mac" */ = {
			isa = XCConfigurationList;
			buildConfigurations = (
				3631A88E1646C3E3008DB7E5 /* Debug */,
				3631A88F1646C3E3008DB7E5 /* Release */,
			);
			defaultConfigurationIsVisible = 0;
			defaultConfigurationName = Release;
		};
		364CD47D164AB8EB0008E044 /* Build configuration list for PBXAggregateTarget "Mogenerator" */ = {
			isa = XCConfigurationList;
			buildConfigurations = (
				364CD47E164AB8EB0008E044 /* Debug */,
				364CD47F164AB8EB0008E044 /* Release */,
			);
			defaultConfigurationIsVisible = 0;
			defaultConfigurationName = Release;
		};
		36B920D4158F81670025F0B3 /* Build configuration list for PBXProject "MachineDrumFramework" */ = {
			isa = XCConfigurationList;
			buildConfigurations = (
				36B920E6158F81680025F0B3 /* Debug */,
				36B920E7158F81680025F0B3 /* Release */,
			);
			defaultConfigurationIsVisible = 0;
			defaultConfigurationName = Release;
		};
		36B920E8158F81680025F0B3 /* Build configuration list for PBXNativeTarget "MachineDrumFramework-iOS" */ = {
			isa = XCConfigurationList;
			buildConfigurations = (
				36B920E9158F81680025F0B3 /* Debug */,
				36B920EA158F81680025F0B3 /* Release */,
			);
			defaultConfigurationIsVisible = 0;
			defaultConfigurationName = Release;
		};
/* End XCConfigurationList section */

/* Begin XCVersionGroup section */
		3631A9341646CC59008DB7E5 /* MDStorageModel.xcdatamodeld */ = {
			isa = XCVersionGroup;
			children = (
				3631A9351646CC59008DB7E5 /* MDStorageModel.xcdatamodel */,
			);
			currentVersion = 3631A9351646CC59008DB7E5 /* MDStorageModel.xcdatamodel */;
			path = MDStorageModel.xcdatamodeld;
			sourceTree = "<group>";
			versionGroupType = wrapper.xcdatamodel;
		};
/* End XCVersionGroup section */
	};
	rootObject = 36B920D1158F81670025F0B3 /* Project object */;
}
